Microsoft Visual Studio Solution File, Format Version 12.00
# Visual Studio Version 16
VisualStudioVersion = 16.0.30011.22
MinimumVisualStudioVersion = 10.0.40219.1
Project("{9A19103F-16F7-4668-BE54-9A1E7A4F7556}") = "Intent.Modules.Constants", "Intent.Modules.Constants\Intent.Modules.Constants.csproj", "{DBADFA28-E995-4E75-9933-215A51E7B580}"
EndProject
Project("{2150E333-8FDC-42A3-9474-1A3956D46DE8}") = "Common", "Common", "{B78BC13A-910C-4D34-B966-EC3B815D83B8}"
EndProject
Project("{2150E333-8FDC-42A3-9474-1A3956D46DE8}") = "Module Builder", "Module Builder", "{4EF0E910-DD23-4813-8959-9D10F1E4E788}"
EndProject
Project("{9A19103F-16F7-4668-BE54-9A1E7A4F7556}") = "Intent.Modules.Metadata.RDBMS", "Intent.Modules.Metadata.RDBMS\Intent.Modules.Metadata.RDBMS.csproj", "{3A9AA6C6-E8DA-41BE-B69C-9DC662D084B2}"
EndProject
Project("{9A19103F-16F7-4668-BE54-9A1E7A4F7556}") = "Intent.Modules.Metadata.AdventureWorks", "Intent.Modules.Metadata.AdventureWorks\Intent.Modules.Metadata.AdventureWorks.csproj", "{E8F8E83D-81EE-4EE1-AB7E-B5B4B9A88E03}"
EndProject
Project("{2150E333-8FDC-42A3-9474-1A3956D46DE8}") = "Designers", "Designers", "{C643FF80-0938-4E5C-81AD-E9FDFE6D9654}"
EndProject
Project("{9A19103F-16F7-4668-BE54-9A1E7A4F7556}") = "Intent.Modules.Modelers.Domain", "Intent.Modules.Modelers.Domain\Intent.Modules.Modelers.Domain.csproj", "{944F5519-873F-4C88-BACE-1A383E0C5F49}"
EndProject
Project("{9A19103F-16F7-4668-BE54-9A1E7A4F7556}") = "Intent.Modules.Modelers.Services", "Intent.Modules.Modelers.Services\Intent.Modules.Modelers.Services.csproj", "{C5A5AE9C-9137-4309-AC4E-F9494694390E}"
EndProject
Project("{2150E333-8FDC-42A3-9474-1A3956D46DE8}") = "Metadata", "Metadata", "{E684E1EF-92C6-4A31-B7AF-DC0AA39C95C4}"
EndProject
Project("{9A19103F-16F7-4668-BE54-9A1E7A4F7556}") = "Intent.Modules.ModuleBuilder", "Intent.Modules.ModuleBuilder\Intent.Modules.ModuleBuilder.csproj", "{ADF69C43-E3B2-4048-866E-FBE9BFF55EC6}"
EndProject
Project("{9A19103F-16F7-4668-BE54-9A1E7A4F7556}") = "Intent.Modules.Common", "Intent.Modules.Common\Intent.Modules.Common.csproj", "{2149B693-AA4E-43F3-AA72-D1EF8FA14E6D}"
EndProject
Project("{2150E333-8FDC-42A3-9474-1A3956D46DE8}") = "Modules", "Modules", "{41EB094E-7906-4D47-85B8-42FAC60C5178}"
EndProject
Project("{9A19103F-16F7-4668-BE54-9A1E7A4F7556}") = "Intent.Modules.ModuleBuilder.CSharp", "Intent.Modules.ModuleBuilder.CSharp\Intent.Modules.ModuleBuilder.CSharp.csproj", "{FC0DF4DD-975B-40A0-8534-871752B685B5}"
EndProject
Project("{9A19103F-16F7-4668-BE54-9A1E7A4F7556}") = "Intent.Modules.ModuleBuilder.TypeScript", "Intent.Modules.ModuleBuilder.TypeScript\Intent.Modules.ModuleBuilder.TypeScript.csproj", "{ED3B03AC-DDEB-4A29-83D6-4BF83D1C563B}"
EndProject
Project("{9A19103F-16F7-4668-BE54-9A1E7A4F7556}") = "Intent.Modules.Common.Types", "Intent.Modules.Common.Types\Intent.Modules.Common.Types.csproj", "{ED404A63-FC25-4C42-AB4C-619815D8A6EB}"
EndProject
Project("{9A19103F-16F7-4668-BE54-9A1E7A4F7556}") = "Intent.Modules.Common.Sql", "Intent.Modules.Common.Sql\Intent.Modules.Common.Sql.csproj", "{A412121D-D444-44CC-9974-A603F2372BDC}"
EndProject
Project("{9A19103F-16F7-4668-BE54-9A1E7A4F7556}") = "Intent.Modules.ModuleBuilder.Sql", "Intent.Modules.ModuleBuilder.Sql\Intent.Modules.ModuleBuilder.Sql.csproj", "{3EFDFF8D-5841-49E9-B091-C4F1ABEC3D76}"
EndProject
Project("{9A19103F-16F7-4668-BE54-9A1E7A4F7556}") = "Intent.Modules.ModuleBuilder.Java", "Intent.Modules.ModuleBuilder.Java\Intent.Modules.ModuleBuilder.Java.csproj", "{1486EC79-2FBD-4DA7-AF1F-7DC8F7CC0AAB}"
EndProject
Project("{9A19103F-16F7-4668-BE54-9A1E7A4F7556}") = "Intent.Modules.ModuleBuilder.Html", "Intent.Modules.ModuleBuilder.Html\Intent.Modules.ModuleBuilder.Html.csproj", "{4493CCFC-6BF3-4971-9E55-DA3E0E8ED660}"
EndProject
Project("{9A19103F-16F7-4668-BE54-9A1E7A4F7556}") = "Intent.Modules.OutputTargets.Folders", "Intent.Modules.OutputTargets.Folders\Intent.Modules.OutputTargets.Folders.csproj", "{33437816-211B-4808-8AD9-E5866A7DCB27}"
EndProject
Project("{9A19103F-16F7-4668-BE54-9A1E7A4F7556}") = "Intent.Modules.ApplicationTemplate.Builder", "Intent.Modules.ApplicationTemplate.Builder\Intent.Modules.ApplicationTemplate.Builder.csproj", "{27CBE747-2372-47B9-BEB8-20D3D2CA28EF}"
EndProject
Project("{2150E333-8FDC-42A3-9474-1A3956D46DE8}") = "Application Template Builder", "Application Template Builder", "{746CCE70-FBE9-41D2-8E74-A39813FC75D9}"
EndProject
Project("{9A19103F-16F7-4668-BE54-9A1E7A4F7556}") = "Intent.Modules.Modelers.Types.ServiceProxies", "Intent.Modules.Modelers.Types.ServiceProxies\Intent.Modules.Modelers.Types.ServiceProxies.csproj", "{5D8691BE-86ED-4521-861F-D0045712FB9A}"
EndProject
Project("{9A19103F-16F7-4668-BE54-9A1E7A4F7556}") = "Intent.Modules.Modelers.ServiceProxies", "Intent.Modules.Modelers.ServiceProxies\Intent.Modules.Modelers.ServiceProxies.csproj", "{817EC71F-A91D-4598-9A09-E05373EF4333}"
EndProject
Project("{9A19103F-16F7-4668-BE54-9A1E7A4F7556}") = "Intent.ApplicationTemplates", "Intent.ApplicationTemplates\Intent.ApplicationTemplates.csproj", "{45D36FA6-CF88-498B-9089-456EB751A331}"
EndProject
Project("{2150E333-8FDC-42A3-9474-1A3956D46DE8}") = "Application Templates", "Application Templates", "{CFF4E896-BD1F-4354-AAA8-8DB27FC8B102}"
EndProject
Project("{9A19103F-16F7-4668-BE54-9A1E7A4F7556}") = "Intent.Modules.Modelers.Services.CQRS", "Intent.Modules.Modelers.Services.CQRS\Intent.Modules.Modelers.Services.CQRS.csproj", "{FFBF27C5-A296-4DBC-9AF5-ACF0BFF187A2}"
EndProject
Project("{9A19103F-16F7-4668-BE54-9A1E7A4F7556}") = "Intent.Modules.Common.CSharp", "Intent.Modules.Common.CSharp\Intent.Modules.Common.CSharp.csproj", "{58588E96-AF3B-4B66-AD5F-CDB9FAABA109}"
EndProject
Project("{9A19103F-16F7-4668-BE54-9A1E7A4F7556}") = "Intent.Modules.Common.CSharp.Tests", "Intent.Modules.Common.CSharp.Tests\Intent.Modules.Common.CSharp.Tests.csproj", "{A895DE2E-64EF-4750-A485-748ED052EFD3}"
EndProject
Project("{9A19103F-16F7-4668-BE54-9A1E7A4F7556}") = "Intent.Modules.Common.Java", "Intent.Modules.Common.Java\Intent.Modules.Common.Java.csproj", "{1E028CA1-8132-4E7C-9856-50406F7F76C7}"
EndProject
Project("{9A19103F-16F7-4668-BE54-9A1E7A4F7556}") = "Intent.Modules.Common.TypeScript", "Intent.Modules.Common.TypeScript\Intent.Modules.Common.TypeScript.csproj", "{E77CFD3A-9486-426C-8D00-5469A1229054}"
EndProject
Project("{9A19103F-16F7-4668-BE54-9A1E7A4F7556}") = "Intent.Modules.Common.Html", "Intent.Modules.Common.Html\Intent.Modules.Common.Html.csproj", "{21D5B8AB-C920-4FAB-B3BA-3A8367F9C059}"
EndProject
Project("{9A19103F-16F7-4668-BE54-9A1E7A4F7556}") = "Intent.Modules.Modelers.Domain.Events", "Intent.Modules.Modelers.Domain.Events\Intent.Modules.Modelers.Domain.Events.csproj", "{54740661-E598-4671-ADE3-D2F798401653}"
EndProject
Project("{9A19103F-16F7-4668-BE54-9A1E7A4F7556}") = "Intent.Modules.Metadata.WebApi", "Intent.Modules.Metadata.WebApi\Intent.Modules.Metadata.WebApi.csproj", "{9B26C297-0062-4303-B90A-752DA4B75DE6}"
EndProject
Global
	GlobalSection(SolutionConfigurationPlatforms) = preSolution
		Debug|Any CPU = Debug|Any CPU
		Release|Any CPU = Release|Any CPU
	EndGlobalSection
	GlobalSection(ProjectConfigurationPlatforms) = postSolution
		{DBADFA28-E995-4E75-9933-215A51E7B580}.Debug|Any CPU.ActiveCfg = Debug|Any CPU
		{DBADFA28-E995-4E75-9933-215A51E7B580}.Debug|Any CPU.Build.0 = Debug|Any CPU
		{DBADFA28-E995-4E75-9933-215A51E7B580}.Release|Any CPU.ActiveCfg = Release|Any CPU
		{DBADFA28-E995-4E75-9933-215A51E7B580}.Release|Any CPU.Build.0 = Release|Any CPU
		{3A9AA6C6-E8DA-41BE-B69C-9DC662D084B2}.Debug|Any CPU.ActiveCfg = Debug|Any CPU
		{3A9AA6C6-E8DA-41BE-B69C-9DC662D084B2}.Debug|Any CPU.Build.0 = Debug|Any CPU
		{3A9AA6C6-E8DA-41BE-B69C-9DC662D084B2}.Release|Any CPU.ActiveCfg = Release|Any CPU
		{3A9AA6C6-E8DA-41BE-B69C-9DC662D084B2}.Release|Any CPU.Build.0 = Release|Any CPU
		{E8F8E83D-81EE-4EE1-AB7E-B5B4B9A88E03}.Debug|Any CPU.ActiveCfg = Debug|Any CPU
		{E8F8E83D-81EE-4EE1-AB7E-B5B4B9A88E03}.Debug|Any CPU.Build.0 = Debug|Any CPU
		{E8F8E83D-81EE-4EE1-AB7E-B5B4B9A88E03}.Release|Any CPU.ActiveCfg = Release|Any CPU
		{E8F8E83D-81EE-4EE1-AB7E-B5B4B9A88E03}.Release|Any CPU.Build.0 = Release|Any CPU
		{944F5519-873F-4C88-BACE-1A383E0C5F49}.Debug|Any CPU.ActiveCfg = Debug|Any CPU
		{944F5519-873F-4C88-BACE-1A383E0C5F49}.Debug|Any CPU.Build.0 = Debug|Any CPU
		{944F5519-873F-4C88-BACE-1A383E0C5F49}.Release|Any CPU.ActiveCfg = Release|Any CPU
		{944F5519-873F-4C88-BACE-1A383E0C5F49}.Release|Any CPU.Build.0 = Release|Any CPU
		{C5A5AE9C-9137-4309-AC4E-F9494694390E}.Debug|Any CPU.ActiveCfg = Debug|Any CPU
		{C5A5AE9C-9137-4309-AC4E-F9494694390E}.Debug|Any CPU.Build.0 = Debug|Any CPU
		{C5A5AE9C-9137-4309-AC4E-F9494694390E}.Release|Any CPU.ActiveCfg = Release|Any CPU
		{C5A5AE9C-9137-4309-AC4E-F9494694390E}.Release|Any CPU.Build.0 = Release|Any CPU
		{ADF69C43-E3B2-4048-866E-FBE9BFF55EC6}.Debug|Any CPU.ActiveCfg = Debug|Any CPU
		{ADF69C43-E3B2-4048-866E-FBE9BFF55EC6}.Debug|Any CPU.Build.0 = Debug|Any CPU
		{ADF69C43-E3B2-4048-866E-FBE9BFF55EC6}.Release|Any CPU.ActiveCfg = Release|Any CPU
		{ADF69C43-E3B2-4048-866E-FBE9BFF55EC6}.Release|Any CPU.Build.0 = Release|Any CPU
		{2149B693-AA4E-43F3-AA72-D1EF8FA14E6D}.Debug|Any CPU.ActiveCfg = Debug|Any CPU
		{2149B693-AA4E-43F3-AA72-D1EF8FA14E6D}.Debug|Any CPU.Build.0 = Debug|Any CPU
		{2149B693-AA4E-43F3-AA72-D1EF8FA14E6D}.Release|Any CPU.ActiveCfg = Release|Any CPU
		{2149B693-AA4E-43F3-AA72-D1EF8FA14E6D}.Release|Any CPU.Build.0 = Release|Any CPU
		{FC0DF4DD-975B-40A0-8534-871752B685B5}.Debug|Any CPU.ActiveCfg = Debug|Any CPU
		{FC0DF4DD-975B-40A0-8534-871752B685B5}.Debug|Any CPU.Build.0 = Debug|Any CPU
		{FC0DF4DD-975B-40A0-8534-871752B685B5}.Release|Any CPU.ActiveCfg = Release|Any CPU
		{FC0DF4DD-975B-40A0-8534-871752B685B5}.Release|Any CPU.Build.0 = Release|Any CPU
		{ED3B03AC-DDEB-4A29-83D6-4BF83D1C563B}.Debug|Any CPU.ActiveCfg = Debug|Any CPU
		{ED3B03AC-DDEB-4A29-83D6-4BF83D1C563B}.Debug|Any CPU.Build.0 = Debug|Any CPU
		{ED3B03AC-DDEB-4A29-83D6-4BF83D1C563B}.Release|Any CPU.ActiveCfg = Release|Any CPU
		{ED3B03AC-DDEB-4A29-83D6-4BF83D1C563B}.Release|Any CPU.Build.0 = Release|Any CPU
		{ED404A63-FC25-4C42-AB4C-619815D8A6EB}.Debug|Any CPU.ActiveCfg = Debug|Any CPU
		{ED404A63-FC25-4C42-AB4C-619815D8A6EB}.Debug|Any CPU.Build.0 = Debug|Any CPU
		{ED404A63-FC25-4C42-AB4C-619815D8A6EB}.Release|Any CPU.ActiveCfg = Release|Any CPU
		{ED404A63-FC25-4C42-AB4C-619815D8A6EB}.Release|Any CPU.Build.0 = Release|Any CPU
		{A412121D-D444-44CC-9974-A603F2372BDC}.Debug|Any CPU.ActiveCfg = Debug|Any CPU
		{A412121D-D444-44CC-9974-A603F2372BDC}.Debug|Any CPU.Build.0 = Debug|Any CPU
		{A412121D-D444-44CC-9974-A603F2372BDC}.Release|Any CPU.ActiveCfg = Release|Any CPU
		{A412121D-D444-44CC-9974-A603F2372BDC}.Release|Any CPU.Build.0 = Release|Any CPU
		{3EFDFF8D-5841-49E9-B091-C4F1ABEC3D76}.Debug|Any CPU.ActiveCfg = Debug|Any CPU
		{3EFDFF8D-5841-49E9-B091-C4F1ABEC3D76}.Debug|Any CPU.Build.0 = Debug|Any CPU
		{3EFDFF8D-5841-49E9-B091-C4F1ABEC3D76}.Release|Any CPU.ActiveCfg = Release|Any CPU
		{3EFDFF8D-5841-49E9-B091-C4F1ABEC3D76}.Release|Any CPU.Build.0 = Release|Any CPU
		{1486EC79-2FBD-4DA7-AF1F-7DC8F7CC0AAB}.Debug|Any CPU.ActiveCfg = Debug|Any CPU
		{1486EC79-2FBD-4DA7-AF1F-7DC8F7CC0AAB}.Debug|Any CPU.Build.0 = Debug|Any CPU
		{1486EC79-2FBD-4DA7-AF1F-7DC8F7CC0AAB}.Release|Any CPU.ActiveCfg = Release|Any CPU
		{1486EC79-2FBD-4DA7-AF1F-7DC8F7CC0AAB}.Release|Any CPU.Build.0 = Release|Any CPU
		{4493CCFC-6BF3-4971-9E55-DA3E0E8ED660}.Debug|Any CPU.ActiveCfg = Debug|Any CPU
		{4493CCFC-6BF3-4971-9E55-DA3E0E8ED660}.Debug|Any CPU.Build.0 = Debug|Any CPU
		{4493CCFC-6BF3-4971-9E55-DA3E0E8ED660}.Release|Any CPU.ActiveCfg = Release|Any CPU
		{4493CCFC-6BF3-4971-9E55-DA3E0E8ED660}.Release|Any CPU.Build.0 = Release|Any CPU
		{33437816-211B-4808-8AD9-E5866A7DCB27}.Debug|Any CPU.ActiveCfg = Debug|Any CPU
		{33437816-211B-4808-8AD9-E5866A7DCB27}.Debug|Any CPU.Build.0 = Debug|Any CPU
		{33437816-211B-4808-8AD9-E5866A7DCB27}.Release|Any CPU.ActiveCfg = Release|Any CPU
		{33437816-211B-4808-8AD9-E5866A7DCB27}.Release|Any CPU.Build.0 = Release|Any CPU
		{27CBE747-2372-47B9-BEB8-20D3D2CA28EF}.Debug|Any CPU.ActiveCfg = Debug|Any CPU
		{27CBE747-2372-47B9-BEB8-20D3D2CA28EF}.Debug|Any CPU.Build.0 = Debug|Any CPU
		{27CBE747-2372-47B9-BEB8-20D3D2CA28EF}.Release|Any CPU.ActiveCfg = Release|Any CPU
		{27CBE747-2372-47B9-BEB8-20D3D2CA28EF}.Release|Any CPU.Build.0 = Release|Any CPU
		{5D8691BE-86ED-4521-861F-D0045712FB9A}.Debug|Any CPU.ActiveCfg = Debug|Any CPU
		{5D8691BE-86ED-4521-861F-D0045712FB9A}.Debug|Any CPU.Build.0 = Debug|Any CPU
		{5D8691BE-86ED-4521-861F-D0045712FB9A}.Release|Any CPU.ActiveCfg = Release|Any CPU
		{5D8691BE-86ED-4521-861F-D0045712FB9A}.Release|Any CPU.Build.0 = Release|Any CPU
		{817EC71F-A91D-4598-9A09-E05373EF4333}.Debug|Any CPU.ActiveCfg = Debug|Any CPU
		{817EC71F-A91D-4598-9A09-E05373EF4333}.Debug|Any CPU.Build.0 = Debug|Any CPU
		{817EC71F-A91D-4598-9A09-E05373EF4333}.Release|Any CPU.ActiveCfg = Release|Any CPU
		{817EC71F-A91D-4598-9A09-E05373EF4333}.Release|Any CPU.Build.0 = Release|Any CPU
		{45D36FA6-CF88-498B-9089-456EB751A331}.Debug|Any CPU.ActiveCfg = Debug|Any CPU
		{45D36FA6-CF88-498B-9089-456EB751A331}.Debug|Any CPU.Build.0 = Debug|Any CPU
		{45D36FA6-CF88-498B-9089-456EB751A331}.Release|Any CPU.ActiveCfg = Release|Any CPU
		{45D36FA6-CF88-498B-9089-456EB751A331}.Release|Any CPU.Build.0 = Release|Any CPU
		{FFBF27C5-A296-4DBC-9AF5-ACF0BFF187A2}.Debug|Any CPU.ActiveCfg = Debug|Any CPU
		{FFBF27C5-A296-4DBC-9AF5-ACF0BFF187A2}.Debug|Any CPU.Build.0 = Debug|Any CPU
		{FFBF27C5-A296-4DBC-9AF5-ACF0BFF187A2}.Release|Any CPU.ActiveCfg = Release|Any CPU
		{FFBF27C5-A296-4DBC-9AF5-ACF0BFF187A2}.Release|Any CPU.Build.0 = Release|Any CPU
		{58588E96-AF3B-4B66-AD5F-CDB9FAABA109}.Debug|Any CPU.ActiveCfg = Debug|Any CPU
		{58588E96-AF3B-4B66-AD5F-CDB9FAABA109}.Debug|Any CPU.Build.0 = Debug|Any CPU
		{58588E96-AF3B-4B66-AD5F-CDB9FAABA109}.Release|Any CPU.ActiveCfg = Release|Any CPU
		{58588E96-AF3B-4B66-AD5F-CDB9FAABA109}.Release|Any CPU.Build.0 = Release|Any CPU
		{A895DE2E-64EF-4750-A485-748ED052EFD3}.Debug|Any CPU.ActiveCfg = Debug|Any CPU
		{A895DE2E-64EF-4750-A485-748ED052EFD3}.Debug|Any CPU.Build.0 = Debug|Any CPU
		{A895DE2E-64EF-4750-A485-748ED052EFD3}.Release|Any CPU.ActiveCfg = Release|Any CPU
		{A895DE2E-64EF-4750-A485-748ED052EFD3}.Release|Any CPU.Build.0 = Release|Any CPU
		{1E028CA1-8132-4E7C-9856-50406F7F76C7}.Debug|Any CPU.ActiveCfg = Debug|Any CPU
		{1E028CA1-8132-4E7C-9856-50406F7F76C7}.Debug|Any CPU.Build.0 = Debug|Any CPU
		{1E028CA1-8132-4E7C-9856-50406F7F76C7}.Release|Any CPU.ActiveCfg = Release|Any CPU
		{1E028CA1-8132-4E7C-9856-50406F7F76C7}.Release|Any CPU.Build.0 = Release|Any CPU
		{E77CFD3A-9486-426C-8D00-5469A1229054}.Debug|Any CPU.ActiveCfg = Debug|Any CPU
		{E77CFD3A-9486-426C-8D00-5469A1229054}.Debug|Any CPU.Build.0 = Debug|Any CPU
		{E77CFD3A-9486-426C-8D00-5469A1229054}.Release|Any CPU.ActiveCfg = Release|Any CPU
		{E77CFD3A-9486-426C-8D00-5469A1229054}.Release|Any CPU.Build.0 = Release|Any CPU
		{21D5B8AB-C920-4FAB-B3BA-3A8367F9C059}.Debug|Any CPU.ActiveCfg = Debug|Any CPU
		{21D5B8AB-C920-4FAB-B3BA-3A8367F9C059}.Debug|Any CPU.Build.0 = Debug|Any CPU
		{21D5B8AB-C920-4FAB-B3BA-3A8367F9C059}.Release|Any CPU.ActiveCfg = Release|Any CPU
		{21D5B8AB-C920-4FAB-B3BA-3A8367F9C059}.Release|Any CPU.Build.0 = Release|Any CPU
		{54740661-E598-4671-ADE3-D2F798401653}.Debug|Any CPU.ActiveCfg = Debug|Any CPU
		{54740661-E598-4671-ADE3-D2F798401653}.Debug|Any CPU.Build.0 = Debug|Any CPU
		{54740661-E598-4671-ADE3-D2F798401653}.Release|Any CPU.ActiveCfg = Release|Any CPU
		{54740661-E598-4671-ADE3-D2F798401653}.Release|Any CPU.Build.0 = Release|Any CPU
		{9B26C297-0062-4303-B90A-752DA4B75DE6}.Debug|Any CPU.ActiveCfg = Debug|Any CPU
		{9B26C297-0062-4303-B90A-752DA4B75DE6}.Debug|Any CPU.Build.0 = Debug|Any CPU
		{9B26C297-0062-4303-B90A-752DA4B75DE6}.Release|Any CPU.ActiveCfg = Release|Any CPU
		{9B26C297-0062-4303-B90A-752DA4B75DE6}.Release|Any CPU.Build.0 = Release|Any CPU
	EndGlobalSection
	GlobalSection(SolutionProperties) = preSolution
		HideSolutionNode = FALSE
	EndGlobalSection
	GlobalSection(NestedProjects) = preSolution
		{DBADFA28-E995-4E75-9933-215A51E7B580} = {B78BC13A-910C-4D34-B966-EC3B815D83B8}
		{B78BC13A-910C-4D34-B966-EC3B815D83B8} = {41EB094E-7906-4D47-85B8-42FAC60C5178}
		{4EF0E910-DD23-4813-8959-9D10F1E4E788} = {41EB094E-7906-4D47-85B8-42FAC60C5178}
		{3A9AA6C6-E8DA-41BE-B69C-9DC662D084B2} = {E684E1EF-92C6-4A31-B7AF-DC0AA39C95C4}
		{E8F8E83D-81EE-4EE1-AB7E-B5B4B9A88E03} = {E684E1EF-92C6-4A31-B7AF-DC0AA39C95C4}
		{C643FF80-0938-4E5C-81AD-E9FDFE6D9654} = {41EB094E-7906-4D47-85B8-42FAC60C5178}
		{944F5519-873F-4C88-BACE-1A383E0C5F49} = {C643FF80-0938-4E5C-81AD-E9FDFE6D9654}
		{C5A5AE9C-9137-4309-AC4E-F9494694390E} = {C643FF80-0938-4E5C-81AD-E9FDFE6D9654}
		{E684E1EF-92C6-4A31-B7AF-DC0AA39C95C4} = {41EB094E-7906-4D47-85B8-42FAC60C5178}
		{ADF69C43-E3B2-4048-866E-FBE9BFF55EC6} = {4EF0E910-DD23-4813-8959-9D10F1E4E788}
		{2149B693-AA4E-43F3-AA72-D1EF8FA14E6D} = {B78BC13A-910C-4D34-B966-EC3B815D83B8}
		{FC0DF4DD-975B-40A0-8534-871752B685B5} = {4EF0E910-DD23-4813-8959-9D10F1E4E788}
		{ED3B03AC-DDEB-4A29-83D6-4BF83D1C563B} = {4EF0E910-DD23-4813-8959-9D10F1E4E788}
		{ED404A63-FC25-4C42-AB4C-619815D8A6EB} = {B78BC13A-910C-4D34-B966-EC3B815D83B8}
		{A412121D-D444-44CC-9974-A603F2372BDC} = {B78BC13A-910C-4D34-B966-EC3B815D83B8}
		{3EFDFF8D-5841-49E9-B091-C4F1ABEC3D76} = {4EF0E910-DD23-4813-8959-9D10F1E4E788}
		{1486EC79-2FBD-4DA7-AF1F-7DC8F7CC0AAB} = {4EF0E910-DD23-4813-8959-9D10F1E4E788}
		{4493CCFC-6BF3-4971-9E55-DA3E0E8ED660} = {4EF0E910-DD23-4813-8959-9D10F1E4E788}
		{33437816-211B-4808-8AD9-E5866A7DCB27} = {C643FF80-0938-4E5C-81AD-E9FDFE6D9654}
		{27CBE747-2372-47B9-BEB8-20D3D2CA28EF} = {746CCE70-FBE9-41D2-8E74-A39813FC75D9}
		{746CCE70-FBE9-41D2-8E74-A39813FC75D9} = {41EB094E-7906-4D47-85B8-42FAC60C5178}
		{5D8691BE-86ED-4521-861F-D0045712FB9A} = {C643FF80-0938-4E5C-81AD-E9FDFE6D9654}
		{817EC71F-A91D-4598-9A09-E05373EF4333} = {C643FF80-0938-4E5C-81AD-E9FDFE6D9654}
		{45D36FA6-CF88-498B-9089-456EB751A331} = {CFF4E896-BD1F-4354-AAA8-8DB27FC8B102}
		{FFBF27C5-A296-4DBC-9AF5-ACF0BFF187A2} = {C643FF80-0938-4E5C-81AD-E9FDFE6D9654}
		{58588E96-AF3B-4B66-AD5F-CDB9FAABA109} = {B78BC13A-910C-4D34-B966-EC3B815D83B8}
		{A895DE2E-64EF-4750-A485-748ED052EFD3} = {B78BC13A-910C-4D34-B966-EC3B815D83B8}
		{1E028CA1-8132-4E7C-9856-50406F7F76C7} = {B78BC13A-910C-4D34-B966-EC3B815D83B8}
		{E77CFD3A-9486-426C-8D00-5469A1229054} = {B78BC13A-910C-4D34-B966-EC3B815D83B8}
		{21D5B8AB-C920-4FAB-B3BA-3A8367F9C059} = {B78BC13A-910C-4D34-B966-EC3B815D83B8}
		{54740661-E598-4671-ADE3-D2F798401653} = {C643FF80-0938-4E5C-81AD-E9FDFE6D9654}
		{9B26C297-0062-4303-B90A-752DA4B75DE6} = {E684E1EF-92C6-4A31-B7AF-DC0AA39C95C4}
	EndGlobalSection
	GlobalSection(ExtensibilityGlobals) = postSolution
		SolutionGuid = {A00AF88A-EA58-4AEA-B65F-92354533E2CA}
	EndGlobalSection
EndGlobal
