
Microsoft Visual Studio Solution File, Format Version 12.00
# Visual Studio 15
VisualStudioVersion = 15.0.27703.2018
MinimumVisualStudioVersion = 10.0.40219.1
Project("{FAE04EC0-301F-11D3-BF4B-00C04F79EFBC}") = "Intent.Modules.AngularJs.Auth.ImplicitAuth", "Intent.Modules.AngularJs.Auth.ImplicitAuth\Intent.Modules.AngularJs.Auth.ImplicitAuth.csproj", "{C41EA8CB-E1DB-432C-BF2E-7C8188A009A6}"
EndProject
Project("{FAE04EC0-301F-11D3-BF4B-00C04F79EFBC}") = "Intent.Modules.AngularJs.ServiceAgent", "Intent.Modules.AngularJs.ServiceAgent\Intent.Modules.AngularJs.ServiceAgent.csproj", "{1613C7D5-1564-4D6A-9F8D-0E84359C6A78}"
EndProject
Project("{FAE04EC0-301F-11D3-BF4B-00C04F79EFBC}") = "Intent.Modules.AngularJs.Shell", "Intent.Modules.AngularJs.Shell\Intent.Modules.AngularJs.Shell.csproj", "{C57BAAC5-468E-44F1-8A38-AA7C609B2F9D}"
EndProject
Project("{FAE04EC0-301F-11D3-BF4B-00C04F79EFBC}") = "Intent.Modules.Application.Contracts", "Intent.Modules.Application.Contracts\Intent.Modules.Application.Contracts.csproj", "{2972A488-2F67-426D-8762-C85FB36FB32C}"
EndProject
Project("{FAE04EC0-301F-11D3-BF4B-00C04F79EFBC}") = "Intent.Modules.Application.Contracts.Clients", "Intent.Modules.Application.Contracts.Clients\Intent.Modules.Application.Contracts.Clients.csproj", "{96929B04-8386-4F55-B348-15A592FA7C0C}"
EndProject
Project("{FAE04EC0-301F-11D3-BF4B-00C04F79EFBC}") = "Intent.Modules.Application.Contracts.Mappings", "Intent.Modules.Application.Contracts.Mappings\Intent.Modules.Application.Contracts.Mappings.csproj", "{68F5A4A1-FD17-4DC7-8DCF-9200751DC89E}"
EndProject
Project("{FAE04EC0-301F-11D3-BF4B-00C04F79EFBC}") = "Intent.Modules.Application.ServiceCallHandlers", "Intent.Modules.Application.ServiceCallHandlers\Intent.Modules.Application.ServiceCallHandlers.csproj", "{E923CA07-9C38-4D69-B150-2A8FFF6E9100}"
EndProject
Project("{FAE04EC0-301F-11D3-BF4B-00C04F79EFBC}") = "Intent.Modules.AspNet.Identity.Migrations", "Intent.Modules.AspNet.Identity.Migrations\Intent.Modules.AspNet.Identity.Migrations.csproj", "{26C1F0DC-3C1C-4BC2-97E0-A6C3150B6201}"
EndProject
Project("{FAE04EC0-301F-11D3-BF4B-00C04F79EFBC}") = "Intent.Modules.AspNet.Owin", "Intent.Modules.AspNet.Owin\Intent.Modules.AspNet.Owin.csproj", "{56A0B1F7-FA7E-46B0-A1C8-164DDB07FC4C}"
EndProject
Project("{FAE04EC0-301F-11D3-BF4B-00C04F79EFBC}") = "Intent.Modules.AspNet.Owin.Cors", "Intent.Modules.AspNet.Owin.Cors\Intent.Modules.AspNet.Owin.Cors.csproj", "{F670D629-233A-44A9-AD6F-0A40F52CB502}"
EndProject
Project("{FAE04EC0-301F-11D3-BF4B-00C04F79EFBC}") = "Intent.Modules.AspNet.Owin.FileServer", "Intent.Modules.AspNet.Owin.FileServer\Intent.Modules.AspNet.Owin.FileServer.csproj", "{0DB00A04-D88F-47A7-818E-35D6C0E60BBB}"
EndProject
Project("{FAE04EC0-301F-11D3-BF4B-00C04F79EFBC}") = "Intent.Modules.AspNet.Owin.Jwt", "Intent.Modules.AspNet.Owin.Jwt\Intent.Modules.AspNet.Owin.Jwt.csproj", "{C91ACFE6-88A2-43D8-81D7-0EEBA9C89DFE}"
EndProject
Project("{FAE04EC0-301F-11D3-BF4B-00C04F79EFBC}") = "Intent.Modules.AspNet.SignalR", "Intent.Modules.AspNet.SignalR\Intent.Modules.AspNet.SignalR.csproj", "{C405EC88-B752-4BE3-BF9D-6D71DABA5ABF}"
EndProject
Project("{FAE04EC0-301F-11D3-BF4B-00C04F79EFBC}") = "Intent.Modules.AspNet.SignalR.Interop.WebApi", "Intent.Modules.AspNet.SignalR.Interop.WebApi\Intent.Modules.AspNet.SignalR.Interop.WebApi.csproj", "{B4EF59C8-B9E1-46F0-8EB1-3D8C72C778FC}"
EndProject
Project("{FAE04EC0-301F-11D3-BF4B-00C04F79EFBC}") = "Intent.Modules.AspNet.WebApi", "Intent.Modules.AspNet.WebApi\Intent.Modules.AspNet.WebApi.csproj", "{D6171CC1-577A-4123-9CA3-34E017A40071}"
EndProject
Project("{FAE04EC0-301F-11D3-BF4B-00C04F79EFBC}") = "Intent.Modules.Bower", "Intent.Modules.Bower\Intent.Modules.Bower.csproj", "{676FFB48-2B61-46BF-86B1-1A6D5F48888D}"
EndProject
Project("{FAE04EC0-301F-11D3-BF4B-00C04F79EFBC}") = "Intent.Modules.Bower.Installer", "Intent.Modules.Bower.Installer\Intent.Modules.Bower.Installer.csproj", "{286642B8-1367-47A4-B5A5-2FD4494C110C}"
EndProject
Project("{FAE04EC0-301F-11D3-BF4B-00C04F79EFBC}") = "Intent.Modules.Constants", "Intent.Modules.Constants\Intent.Modules.Constants.csproj", "{DBADFA28-E995-4E75-9933-215A51E7B580}"
EndProject
Project("{FAE04EC0-301F-11D3-BF4B-00C04F79EFBC}") = "Intent.Modules.Electron.NodeEdgeProxy", "Intent.Modules.Electron.NodeEdgeProxy\Intent.Modules.Electron.NodeEdgeProxy.csproj", "{FF32AC23-39E7-4D97-A2C9-D941520A5A2F}"
EndProject
Project("{FAE04EC0-301F-11D3-BF4B-00C04F79EFBC}") = "Intent.Modules.Entities", "Intent.Modules.Entities\Intent.Modules.Entities.csproj", "{04CE09B0-68C2-4C8B-921F-65EEA14D3D58}"
EndProject
Project("{FAE04EC0-301F-11D3-BF4B-00C04F79EFBC}") = "Intent.Modules.EntityFramework", "Intent.Modules.EntityFramework\Intent.Modules.EntityFramework.csproj", "{6F1E2AAB-73BC-47BE-978E-C8CA8E93379A}"
EndProject
Project("{FAE04EC0-301F-11D3-BF4B-00C04F79EFBC}") = "Intent.Modules.EntityFramework.Interop.WebApi", "Intent.Modules.EntityFramework.Interop.WebApi\Intent.Modules.EntityFramework.Interop.WebApi.csproj", "{5E7E8956-5DFA-44AF-9778-0EA6570A06C7}"
EndProject
Project("{FAE04EC0-301F-11D3-BF4B-00C04F79EFBC}") = "Intent.Modules.EntityFramework.Migrations", "Intent.Modules.EntityFramework.Migrations\Intent.Modules.EntityFramework.Migrations.csproj", "{42C35856-BD4B-42E8-B720-E3DBA4762A0D}"
EndProject
Project("{FAE04EC0-301F-11D3-BF4B-00C04F79EFBC}") = "Intent.Modules.HttpServiceProxy", "Intent.Modules.HttpServiceProxy\Intent.Modules.HttpServiceProxy.csproj", "{710B36FF-88FD-4155-984B-317137286D25}"
EndProject
Project("{FAE04EC0-301F-11D3-BF4B-00C04F79EFBC}") = "Intent.Modules.IdentityServer", "Intent.Modules.IdentityServer\Intent.Modules.IdentityServer.csproj", "{E3A48FD5-8997-4F40-98C4-82A90636B761}"
EndProject
Project("{FAE04EC0-301F-11D3-BF4B-00C04F79EFBC}") = "Intent.Modules.Logging.NLog", "Intent.Modules.Logging.NLog\Intent.Modules.Logging.NLog.csproj", "{3CF84649-2030-4D91-B93F-984421BC479C}"
EndProject
Project("{FAE04EC0-301F-11D3-BF4B-00C04F79EFBC}") = "Intent.Modules.Logging.NLog.Interop.Unity", "Intent.Modules.Logging.NLog.Interop.Unity\Intent.Modules.Logging.NLog.Interop.Unity.csproj", "{57A3B282-A34B-4D18-AD96-7DE572D6F7F6}"
EndProject
Project("{FAE04EC0-301F-11D3-BF4B-00C04F79EFBC}") = "Intent.Modules.Logging.NLog.Interop.WebApi", "Intent.Modules.Logging.NLog.Interop.WebApi\Intent.Modules.Logging.NLog.Interop.WebApi.csproj", "{2EFB81D3-AB77-48DC-882B-EEC2C37196EB}"
EndProject
Project("{FAE04EC0-301F-11D3-BF4B-00C04F79EFBC}") = "Intent.Modules.Mapping.EntityToDto", "Intent.Modules.Mapping.EntityToDto\Intent.Modules.Mapping.EntityToDto.csproj", "{410713E8-F898-4600-B860-D899B03D6B7A}"
EndProject
Project("{FAE04EC0-301F-11D3-BF4B-00C04F79EFBC}") = "Intent.Modules.Mapping.EntityToDto.Owin", "Intent.Modules.Mapping.EntityToDto.Owin\Intent.Modules.Mapping.EntityToDto.Owin.csproj", "{0B05339B-50B7-47F5-93AC-325CFAD5E842}"
EndProject
Project("{FAE04EC0-301F-11D3-BF4B-00C04F79EFBC}") = "Intent.Modules.Messaging.Subscriber", "Intent.Modules.Messaging.Subscriber\Intent.Modules.Messaging.Subscriber.csproj", "{3B75BB62-B670-4C28-B3C9-76C6717F6C90}"
EndProject
Project("{FAE04EC0-301F-11D3-BF4B-00C04F79EFBC}") = "Intent.Modules.Npm.Config", "Intent.Modules.Npm.Config\Intent.Modules.Npm.Config.csproj", "{0561B343-39A1-49E2-9836-31F57C8605D8}"
EndProject
Project("{FAE04EC0-301F-11D3-BF4B-00C04F79EFBC}") = "Intent.Modules.OutputManager.FileHeaders", "Intent.Modules.OutputManager.FileHeaders\Intent.Modules.OutputManager.FileHeaders.csproj", "{EAD1F286-DA98-4DDA-A968-9B35474A9E22}"
EndProject
Project("{FAE04EC0-301F-11D3-BF4B-00C04F79EFBC}") = "Intent.Modules.RichDomain", "Intent.Modules.RichDomain\Intent.Modules.RichDomain.csproj", "{9DB8717C-8F21-450B-9FEA-BBFB3F835390}"
EndProject
Project("{FAE04EC0-301F-11D3-BF4B-00C04F79EFBC}") = "Intent.Modules.RichDomain.Auditing", "Intent.Modules.RichDomain.Auditing\Intent.Modules.RichDomain.Auditing.csproj", "{D4DDBF38-E88D-4BB9-B19D-B17063E686AA}"
EndProject
Project("{FAE04EC0-301F-11D3-BF4B-00C04F79EFBC}") = "Intent.Modules.RichDomain.Interop.Unity", "Intent.Modules.RichDomain.Interop.Unity\Intent.Modules.RichDomain.Interop.Unity.csproj", "{F45D1678-B4EF-4831-824B-57E72F937634}"
EndProject
Project("{FAE04EC0-301F-11D3-BF4B-00C04F79EFBC}") = "Intent.Modules.Typescript.Config", "Intent.Modules.Typescript.Config\Intent.Modules.Typescript.Config.csproj", "{FF962242-BAD5-43FB-BA8C-A24D70E33821}"
EndProject
Project("{FAE04EC0-301F-11D3-BF4B-00C04F79EFBC}") = "Intent.Modules.Typescript.ServiceAgent.AngularJs", "Intent.Modules.Typescript.ServiceAgent.AngularJs\Intent.Modules.Typescript.ServiceAgent.AngularJs.csproj", "{FDC479ED-9D0A-4D6B-99D3-53C4CD41E852}"
EndProject
Project("{FAE04EC0-301F-11D3-BF4B-00C04F79EFBC}") = "Intent.Modules.Typescript.ServiceAgent.Contracts", "Intent.Modules.Typescript.ServiceAgent.Contracts\Intent.Modules.Typescript.ServiceAgent.Contracts.csproj", "{33EA449E-9D02-4DDE-85BC-58AD664D9ABD}"
EndProject
Project("{FAE04EC0-301F-11D3-BF4B-00C04F79EFBC}") = "Intent.Modules.Unity", "Intent.Modules.Unity\Intent.Modules.Unity.csproj", "{DE177367-D476-4299-B9E6-71934B434FC5}"
EndProject
Project("{FAE04EC0-301F-11D3-BF4B-00C04F79EFBC}") = "Intent.Modules.UserContext", "Intent.Modules.UserContext\Intent.Modules.UserContext.csproj", "{C12C6483-778D-4606-8239-62045D67788F}"
EndProject
Project("{FAE04EC0-301F-11D3-BF4B-00C04F79EFBC}") = "Intent.Modules.UserContext.Interop.AspNet.WebApi", "Intent.Modules.UserContext.Interop.AspNet.WebApi\Intent.Modules.UserContext.Interop.AspNet.WebApi.csproj", "{36F0AC19-B618-4C38-866D-BD75369E83D1}"
EndProject
Project("{2150E333-8FDC-42A3-9474-1A3956D46DE8}") = "Modules (Unofficial)", "Modules (Unofficial)", "{DAA8B90E-4708-4842-A22C-916B07A2D048}"
EndProject
Project("{2150E333-8FDC-42A3-9474-1A3956D46DE8}") = "Common", "Common", "{B78BC13A-910C-4D34-B966-EC3B815D83B8}"
EndProject
Project("{FAE04EC0-301F-11D3-BF4B-00C04F79EFBC}") = "Intent.Modules.VisualStudio.Projects", "Intent.Modules.VisualStudio.Projects\Intent.Modules.VisualStudio.Projects.csproj", "{7FEA24FE-C3AC-43BF-A8B0-099AABFBD526}"
EndProject
Project("{FAE04EC0-301F-11D3-BF4B-00C04F79EFBC}") = "Intent.Modules.NuGet.Installer", "Intent.Modules.NuGet.Installer\Intent.Modules.NuGet.Installer.csproj", "{07786CDC-3BA4-43C7-A37C-4EDBCBE89299}"
EndProject
Project("{FAE04EC0-301F-11D3-BF4B-00C04F79EFBC}") = "Intent.Modules.OutputManager.TagWeaver", "Intent.Modules.OutputManager.TagWeaver\Intent.Modules.OutputManager.TagWeaver.csproj", "{A79001BD-3CAC-44C0-A429-564B18C84A93}"
EndProject
Project("{FAE04EC0-301F-11D3-BF4B-00C04F79EFBC}") = "Intent.Modules.Common.Types", "Intent.Modules.CommonTypes\Intent.Modules.Common.Types.csproj", "{ED404A63-FC25-4C42-AB4C-619815D8A6EB}"
EndProject
Project("{FAE04EC0-301F-11D3-BF4B-00C04F79EFBC}") = "Intent.Modules.Common", "Intent.Modules.Common\Intent.Modules.Common.csproj", "{56475E35-0CC7-4D75-937C-FF46C073BB66}"
EndProject
Project("{FAE04EC0-301F-11D3-BF4B-00C04F79EFBC}") = "Intent.Modules.AngularJs", "Intent.Modules.AngularJs\Intent.Modules.AngularJs.csproj", "{F1C703CB-F808-4C87-9961-57DDA14354A4}"
EndProject
Project("{2150E333-8FDC-42A3-9474-1A3956D46DE8}") = "Modules (Official .NETFramework)", "Modules (Official .NETFramework)", "{46C61870-A203-487D-9680-8D143871AA1F}"
EndProject
Project("{FAE04EC0-301F-11D3-BF4B-00C04F79EFBC}") = "Intent.Modules.Entities.DDD", "Intent.Modules.Entities.DDD\Intent.Modules.Entities.DDD.csproj", "{E1044E5B-715F-4AE8-8FAB-2B95BF05289D}"
EndProject
Project("{FAE04EC0-301F-11D3-BF4B-00C04F79EFBC}") = "Intent.Modules.RichDomain.EntityFramework", "Intent.Modules.RichDomain.EntityFramework\Intent.Modules.RichDomain.EntityFramework.csproj", "{1AC61159-586F-4A8E-9857-26FD34C8047F}"
EndProject
Project("{FAE04EC0-301F-11D3-BF4B-00C04F79EFBC}") = "Intent.Modules.EntityFramework.Repositories", "Intent.Modules.EntityFramework.Repositories\Intent.Modules.EntityFramework.Repositories.csproj", "{B51489BA-5826-4F55-9A1F-51B3E8ADB142}"
EndProject
Project("{2150E333-8FDC-42A3-9474-1A3956D46DE8}") = "Application Templates", "Application Templates", "{02E19E01-F2C6-4FAC-A57B-2A496B6129AD}"
EndProject
Project("{FAE04EC0-301F-11D3-BF4B-00C04F79EFBC}") = "Intent.ApplicationTemplates", "Intent.ApplicationTemplates\Intent.ApplicationTemplates.csproj", "{9A223AC6-CBF7-418E-93E0-F2326ADDAC07}"
EndProject
Project("{FAE04EC0-301F-11D3-BF4B-00C04F79EFBC}") = "Intent.Modules.AspNetCore.WebApi", "Intent.Modules.AspNetCore.WebApi\Intent.Modules.AspNetCore.WebApi.csproj", "{F66F26B3-E36F-4F27-AF96-E6DDB59CA0D2}"
EndProject
Project("{FAE04EC0-301F-11D3-BF4B-00C04F79EFBC}") = "Intent.Modules.EntityFramework.Interop.Unity", "Intent.Modules.EntityFramework.Interop.Unity\Intent.Modules.EntityFramework.Interop.Unity.csproj", "{43F7EB29-6F2C-4C2E-8072-7B9278A38244}"
EndProject
Project("{FAE04EC0-301F-11D3-BF4B-00C04F79EFBC}") = "Intent.Modules.EntityFrameworkCore", "Intent.Modules.EntityFrameworkCore\Intent.Modules.EntityFrameworkCore.csproj", "{E9452E43-0EFB-448E-93AA-E084644C796E}"
EndProject
Project("{FAE04EC0-301F-11D3-BF4B-00C04F79EFBC}") = "Intent.Modules.EntityFrameworkCore.Repositories", "Intent.Modules.EntityFrameworkCore.Repositories\Intent.Modules.EntityFrameworkCore.Repositories.csproj", "{3695D671-4A21-4586-86F9-434602EA241C}"
EndProject
Project("{FAE04EC0-301F-11D3-BF4B-00C04F79EFBC}") = "Intent.Modules.Entities.Repositories.Api", "Intent.Modules.Entities.Repositories.Api\Intent.Modules.Entities.Repositories.Api.csproj", "{DC43DD5D-0776-4345-853D-DEF3A95F0CDF}"
EndProject
Project("{2150E333-8FDC-42A3-9474-1A3956D46DE8}") = "Modules (Official .NETCore)", "Modules (Official .NETCore)", "{F24A3FC4-85CD-4089-9C1C-0A9DA1900B86}"
EndProject
Project("{2150E333-8FDC-42A3-9474-1A3956D46DE8}") = "Modules (Official .NET)", "Modules (Official .NET)", "{3621A3CE-CF23-4454-B901-013B2A16A5FE}"
EndProject
Project("{FAE04EC0-301F-11D3-BF4B-00C04F79EFBC}") = "Intent.Modules.EntityFrameworkCore.Interop.WebApi", "Intent.Modules.EntityFrameworkCore.Interop.WebApi\Intent.Modules.EntityFrameworkCore.Interop.WebApi.csproj", "{48ABE8B4-C509-4B9D-93B6-5D5FC2EA88B8}"
EndProject
Project("{FAE04EC0-301F-11D3-BF4B-00C04F79EFBC}") = "Intent.Modules.Entities.Keys", "Intent.Modules.Entities.Keys\Intent.Modules.Entities.Keys.csproj", "{6F137540-606F-4E35-89E6-E73ADAACDC52}"
EndProject
Project("{FAE04EC0-301F-11D3-BF4B-00C04F79EFBC}") = "Intent.Modules.AspNet.WebApi.Interop.Unity", "Intent.Modules.AspNet.WebApi.Interop.Unity\Intent.Modules.AspNet.WebApi.Interop.Unity.csproj", "{4513F60A-02D8-48EC-B7C5-456BE83E4759}"
EndProject
Project("{FAE04EC0-301F-11D3-BF4B-00C04F79EFBC}") = "Intent.Modules.Messaging.Publisher", "Intent.Modules.Messaging.Publisher\Intent.Modules.Messaging.Publisher.csproj", "{B390DF1E-165B-4949-936C-D00C4A3FEEF0}"
EndProject
Project("{FAE04EC0-301F-11D3-BF4B-00C04F79EFBC}") = "Intent.Modules.Common.Tests", "Intent.Modules.Common.Tests\Intent.Modules.Common.Tests.csproj", "{5EEC9791-FD02-43A3-8D6E-83FD601B1177}"
EndProject
Project("{FAE04EC0-301F-11D3-BF4B-00C04F79EFBC}") = "Intent.Modules.Autofac", "Intent.Modules.Autofac\Intent.Modules.Autofac.csproj", "{935E6089-3EE2-4661-B04F-EBE893629E83}"
EndProject
Project("{FAE04EC0-301F-11D3-BF4B-00C04F79EFBC}") = "Intent.Modules.AspNet.WebApi.Interop.Autofac", "Intent.Modules.AspNet.WebApi.Interop.Autofac\Intent.Modules.AspNet.WebApi.Interop.Autofac.csproj", "{24FE0487-D6F3-4B85-9942-7CB8E422221B}"
EndProject
Project("{FAE04EC0-301F-11D3-BF4B-00C04F79EFBC}") = "Intent.Modules.AspNetCore.Docker", "Intent.Modules.AspNetCore.Docker\Intent.Modules.AspNetCore.Docker.csproj", "{733303D8-9ECF-4ACA-86B2-C2F34B8B9DE0}"
EndProject
Project("{FAE04EC0-301F-11D3-BF4B-00C04F79EFBC}") = "Intent.Modules.AspNetCore.Swashbuckle", "Intent.Modules.AspNetCore.Swashbuckle\Intent.Modules.AspNetCore.Swashbuckle.csproj", "{0A2DEC4C-A2FC-4290-85FA-2F64F6FAC4C2}"
EndProject
Project("{FAE04EC0-301F-11D3-BF4B-00C04F79EFBC}") = "Intent.Modules.AspNetCore", "Intent.Modules.AspNetCore\Intent.Modules.AspNetCore.csproj", "{5CD69B39-BFF1-4713-86C7-D5D7D7F397EA}"
EndProject
Project("{FAE04EC0-301F-11D3-BF4B-00C04F79EFBC}") = "Intent.Modules.AspNet.Swashbuckle", "Intent.Modules.AspNet.Swashbuckle\Intent.Modules.AspNet.Swashbuckle.csproj", "{485C574B-D830-40EC-9427-EF57D0D40C8D}"
EndProject
Project("{FAE04EC0-301F-11D3-BF4B-00C04F79EFBC}") = "Intent.Modules.ModuleBuilder", "Intent.Modules.ModuleBuilder\Intent.Modules.ModuleBuilder.csproj", "{3A5B08D5-646A-40D3-913A-CD1F05A6908D}"
EndProject
Project("{2150E333-8FDC-42A3-9474-1A3956D46DE8}") = "Module Builder", "Module Builder", "{4EF0E910-DD23-4813-8959-9D10F1E4E788}"
EndProject
Project("{FAE04EC0-301F-11D3-BF4B-00C04F79EFBC}") = "Intent.Modules.Metadata.RDBMS", "Intent.Modules.Metadata.RDBMS\Intent.Modules.Metadata.RDBMS.csproj", "{3A9AA6C6-E8DA-41BE-B69C-9DC662D084B2}"
EndProject
Project("{FAE04EC0-301F-11D3-BF4B-00C04F79EFBC}") = "Intent.Modules.Metadata.AdventureWorks", "Intent.Modules.Metadata.AdventureWorks\Intent.Modules.Metadata.AdventureWorks.csproj", "{E8F8E83D-81EE-4EE1-AB7E-B5B4B9A88E03}"
EndProject
Project("{2150E333-8FDC-42A3-9474-1A3956D46DE8}") = "Modelers", "Modelers", "{C643FF80-0938-4E5C-81AD-E9FDFE6D9654}"
EndProject
Project("{FAE04EC0-301F-11D3-BF4B-00C04F79EFBC}") = "Intent.Modules.Modelers.Domain", "Intent.Modules.Modelers.Domain\Intent.Modules.Modelers.Domain.csproj", "{944F5519-873F-4C88-BACE-1A383E0C5F49}"
EndProject
Project("{FAE04EC0-301F-11D3-BF4B-00C04F79EFBC}") = "Intent.Modules.Modelers.Services", "Intent.Modules.Modelers.Services\Intent.Modules.Modelers.Services.csproj", "{C5A5AE9C-9137-4309-AC4E-F9494694390E}"
EndProject
Project("{FAE04EC0-301F-11D3-BF4B-00C04F79EFBC}") = "Intent.Modules.Modelers.Eventing", "Intent.Modules.Modelers.Eventing\Intent.Modules.Modelers.Eventing.csproj", "{2220169E-4A02-442C-820B-CDE62EF9233A}"
EndProject
Project("{2150E333-8FDC-42A3-9474-1A3956D46DE8}") = "Metadata", "Metadata", "{E684E1EF-92C6-4A31-B7AF-DC0AA39C95C4}"
EndProject
Project("{2150E333-8FDC-42A3-9474-1A3956D46DE8}") = "Modules (Official Angular)", "Modules (Official Angular)", "{5F5C3F2E-DD11-4F45-A24D-9E8FB109592A}"
EndProject
Project("{FAE04EC0-301F-11D3-BF4B-00C04F79EFBC}") = "Intent.Modules.Angular", "Intent.Modules.Angular\Intent.Modules.Angular.csproj", "{C5A69A8F-C0B4-4BC6-B74F-49D892D87C3C}"
EndProject
Project("{FAE04EC0-301F-11D3-BF4B-00C04F79EFBC}") = "Intent.Modules.Application.ServiceImplementations", "Intent.Modules.Application.ServiceImplementations\Intent.Modules.Application.ServiceImplementations.csproj", "{925156ED-76E0-44B3-9FC4-4CD14AB7312C}"
EndProject
Project("{FAE04EC0-301F-11D3-BF4B-00C04F79EFBC}") = "Intent.Modules.IdentityServer4", "Intent.Modules.IdentityServer4\Intent.Modules.IdentityServer4.csproj", "{DA019B82-209E-4B01-A890-3B13BE8FF61F}"
EndProject
Project("{FAE04EC0-301F-11D3-BF4B-00C04F79EFBC}") = "Intent.Modules.Application.ServiceImplementations.Conventions.CRUD", "Intent.Modules.Convention.ServiceImplementations\Intent.Modules.Application.ServiceImplementations.Conventions.CRUD.csproj", "{2AC9A9B5-8DBD-45E0-B340-5778C2C6EE8B}"
EndProject
Global
	GlobalSection(SolutionConfigurationPlatforms) = preSolution
		Debug|Any CPU = Debug|Any CPU
		Release|Any CPU = Release|Any CPU
	EndGlobalSection
	GlobalSection(ProjectConfigurationPlatforms) = postSolution
		{C41EA8CB-E1DB-432C-BF2E-7C8188A009A6}.Debug|Any CPU.ActiveCfg = Debug|Any CPU
		{C41EA8CB-E1DB-432C-BF2E-7C8188A009A6}.Debug|Any CPU.Build.0 = Debug|Any CPU
		{C41EA8CB-E1DB-432C-BF2E-7C8188A009A6}.Release|Any CPU.ActiveCfg = Release|Any CPU
		{C41EA8CB-E1DB-432C-BF2E-7C8188A009A6}.Release|Any CPU.Build.0 = Release|Any CPU
		{1613C7D5-1564-4D6A-9F8D-0E84359C6A78}.Debug|Any CPU.ActiveCfg = Debug|Any CPU
		{1613C7D5-1564-4D6A-9F8D-0E84359C6A78}.Debug|Any CPU.Build.0 = Debug|Any CPU
		{1613C7D5-1564-4D6A-9F8D-0E84359C6A78}.Release|Any CPU.ActiveCfg = Release|Any CPU
		{1613C7D5-1564-4D6A-9F8D-0E84359C6A78}.Release|Any CPU.Build.0 = Release|Any CPU
		{C57BAAC5-468E-44F1-8A38-AA7C609B2F9D}.Debug|Any CPU.ActiveCfg = Debug|Any CPU
		{C57BAAC5-468E-44F1-8A38-AA7C609B2F9D}.Debug|Any CPU.Build.0 = Debug|Any CPU
		{C57BAAC5-468E-44F1-8A38-AA7C609B2F9D}.Release|Any CPU.ActiveCfg = Release|Any CPU
		{C57BAAC5-468E-44F1-8A38-AA7C609B2F9D}.Release|Any CPU.Build.0 = Release|Any CPU
		{2972A488-2F67-426D-8762-C85FB36FB32C}.Debug|Any CPU.ActiveCfg = Debug|Any CPU
		{2972A488-2F67-426D-8762-C85FB36FB32C}.Debug|Any CPU.Build.0 = Debug|Any CPU
		{2972A488-2F67-426D-8762-C85FB36FB32C}.Release|Any CPU.ActiveCfg = Release|Any CPU
		{2972A488-2F67-426D-8762-C85FB36FB32C}.Release|Any CPU.Build.0 = Release|Any CPU
		{96929B04-8386-4F55-B348-15A592FA7C0C}.Debug|Any CPU.ActiveCfg = Debug|Any CPU
		{96929B04-8386-4F55-B348-15A592FA7C0C}.Debug|Any CPU.Build.0 = Debug|Any CPU
		{96929B04-8386-4F55-B348-15A592FA7C0C}.Release|Any CPU.ActiveCfg = Release|Any CPU
		{96929B04-8386-4F55-B348-15A592FA7C0C}.Release|Any CPU.Build.0 = Release|Any CPU
		{68F5A4A1-FD17-4DC7-8DCF-9200751DC89E}.Debug|Any CPU.ActiveCfg = Debug|Any CPU
		{68F5A4A1-FD17-4DC7-8DCF-9200751DC89E}.Debug|Any CPU.Build.0 = Debug|Any CPU
		{68F5A4A1-FD17-4DC7-8DCF-9200751DC89E}.Release|Any CPU.ActiveCfg = Release|Any CPU
		{68F5A4A1-FD17-4DC7-8DCF-9200751DC89E}.Release|Any CPU.Build.0 = Release|Any CPU
		{E923CA07-9C38-4D69-B150-2A8FFF6E9100}.Debug|Any CPU.ActiveCfg = Debug|Any CPU
		{E923CA07-9C38-4D69-B150-2A8FFF6E9100}.Debug|Any CPU.Build.0 = Debug|Any CPU
		{E923CA07-9C38-4D69-B150-2A8FFF6E9100}.Release|Any CPU.ActiveCfg = Release|Any CPU
		{E923CA07-9C38-4D69-B150-2A8FFF6E9100}.Release|Any CPU.Build.0 = Release|Any CPU
		{26C1F0DC-3C1C-4BC2-97E0-A6C3150B6201}.Debug|Any CPU.ActiveCfg = Debug|Any CPU
		{26C1F0DC-3C1C-4BC2-97E0-A6C3150B6201}.Debug|Any CPU.Build.0 = Debug|Any CPU
		{26C1F0DC-3C1C-4BC2-97E0-A6C3150B6201}.Release|Any CPU.ActiveCfg = Release|Any CPU
		{26C1F0DC-3C1C-4BC2-97E0-A6C3150B6201}.Release|Any CPU.Build.0 = Release|Any CPU
		{56A0B1F7-FA7E-46B0-A1C8-164DDB07FC4C}.Debug|Any CPU.ActiveCfg = Debug|Any CPU
		{56A0B1F7-FA7E-46B0-A1C8-164DDB07FC4C}.Debug|Any CPU.Build.0 = Debug|Any CPU
		{56A0B1F7-FA7E-46B0-A1C8-164DDB07FC4C}.Release|Any CPU.ActiveCfg = Release|Any CPU
		{56A0B1F7-FA7E-46B0-A1C8-164DDB07FC4C}.Release|Any CPU.Build.0 = Release|Any CPU
		{F670D629-233A-44A9-AD6F-0A40F52CB502}.Debug|Any CPU.ActiveCfg = Debug|Any CPU
		{F670D629-233A-44A9-AD6F-0A40F52CB502}.Debug|Any CPU.Build.0 = Debug|Any CPU
		{F670D629-233A-44A9-AD6F-0A40F52CB502}.Release|Any CPU.ActiveCfg = Release|Any CPU
		{F670D629-233A-44A9-AD6F-0A40F52CB502}.Release|Any CPU.Build.0 = Release|Any CPU
		{0DB00A04-D88F-47A7-818E-35D6C0E60BBB}.Debug|Any CPU.ActiveCfg = Debug|Any CPU
		{0DB00A04-D88F-47A7-818E-35D6C0E60BBB}.Debug|Any CPU.Build.0 = Debug|Any CPU
		{0DB00A04-D88F-47A7-818E-35D6C0E60BBB}.Release|Any CPU.ActiveCfg = Release|Any CPU
		{0DB00A04-D88F-47A7-818E-35D6C0E60BBB}.Release|Any CPU.Build.0 = Release|Any CPU
		{C91ACFE6-88A2-43D8-81D7-0EEBA9C89DFE}.Debug|Any CPU.ActiveCfg = Debug|Any CPU
		{C91ACFE6-88A2-43D8-81D7-0EEBA9C89DFE}.Debug|Any CPU.Build.0 = Debug|Any CPU
		{C91ACFE6-88A2-43D8-81D7-0EEBA9C89DFE}.Release|Any CPU.ActiveCfg = Release|Any CPU
		{C91ACFE6-88A2-43D8-81D7-0EEBA9C89DFE}.Release|Any CPU.Build.0 = Release|Any CPU
		{C405EC88-B752-4BE3-BF9D-6D71DABA5ABF}.Debug|Any CPU.ActiveCfg = Debug|Any CPU
		{C405EC88-B752-4BE3-BF9D-6D71DABA5ABF}.Debug|Any CPU.Build.0 = Debug|Any CPU
		{C405EC88-B752-4BE3-BF9D-6D71DABA5ABF}.Release|Any CPU.ActiveCfg = Release|Any CPU
		{C405EC88-B752-4BE3-BF9D-6D71DABA5ABF}.Release|Any CPU.Build.0 = Release|Any CPU
		{B4EF59C8-B9E1-46F0-8EB1-3D8C72C778FC}.Debug|Any CPU.ActiveCfg = Debug|Any CPU
		{B4EF59C8-B9E1-46F0-8EB1-3D8C72C778FC}.Debug|Any CPU.Build.0 = Debug|Any CPU
		{B4EF59C8-B9E1-46F0-8EB1-3D8C72C778FC}.Release|Any CPU.ActiveCfg = Release|Any CPU
		{B4EF59C8-B9E1-46F0-8EB1-3D8C72C778FC}.Release|Any CPU.Build.0 = Release|Any CPU
		{D6171CC1-577A-4123-9CA3-34E017A40071}.Debug|Any CPU.ActiveCfg = Debug|Any CPU
		{D6171CC1-577A-4123-9CA3-34E017A40071}.Debug|Any CPU.Build.0 = Debug|Any CPU
		{D6171CC1-577A-4123-9CA3-34E017A40071}.Release|Any CPU.ActiveCfg = Release|Any CPU
		{D6171CC1-577A-4123-9CA3-34E017A40071}.Release|Any CPU.Build.0 = Release|Any CPU
		{676FFB48-2B61-46BF-86B1-1A6D5F48888D}.Debug|Any CPU.ActiveCfg = Debug|Any CPU
		{676FFB48-2B61-46BF-86B1-1A6D5F48888D}.Debug|Any CPU.Build.0 = Debug|Any CPU
		{676FFB48-2B61-46BF-86B1-1A6D5F48888D}.Release|Any CPU.ActiveCfg = Release|Any CPU
		{676FFB48-2B61-46BF-86B1-1A6D5F48888D}.Release|Any CPU.Build.0 = Release|Any CPU
		{286642B8-1367-47A4-B5A5-2FD4494C110C}.Debug|Any CPU.ActiveCfg = Debug|Any CPU
		{286642B8-1367-47A4-B5A5-2FD4494C110C}.Debug|Any CPU.Build.0 = Debug|Any CPU
		{286642B8-1367-47A4-B5A5-2FD4494C110C}.Release|Any CPU.ActiveCfg = Release|Any CPU
		{286642B8-1367-47A4-B5A5-2FD4494C110C}.Release|Any CPU.Build.0 = Release|Any CPU
		{DBADFA28-E995-4E75-9933-215A51E7B580}.Debug|Any CPU.ActiveCfg = Debug|Any CPU
		{DBADFA28-E995-4E75-9933-215A51E7B580}.Debug|Any CPU.Build.0 = Debug|Any CPU
		{DBADFA28-E995-4E75-9933-215A51E7B580}.Release|Any CPU.ActiveCfg = Release|Any CPU
		{DBADFA28-E995-4E75-9933-215A51E7B580}.Release|Any CPU.Build.0 = Release|Any CPU
		{FF32AC23-39E7-4D97-A2C9-D941520A5A2F}.Debug|Any CPU.ActiveCfg = Debug|Any CPU
		{FF32AC23-39E7-4D97-A2C9-D941520A5A2F}.Debug|Any CPU.Build.0 = Debug|Any CPU
		{FF32AC23-39E7-4D97-A2C9-D941520A5A2F}.Release|Any CPU.ActiveCfg = Release|Any CPU
		{FF32AC23-39E7-4D97-A2C9-D941520A5A2F}.Release|Any CPU.Build.0 = Release|Any CPU
		{04CE09B0-68C2-4C8B-921F-65EEA14D3D58}.Debug|Any CPU.ActiveCfg = Debug|Any CPU
		{04CE09B0-68C2-4C8B-921F-65EEA14D3D58}.Debug|Any CPU.Build.0 = Debug|Any CPU
		{04CE09B0-68C2-4C8B-921F-65EEA14D3D58}.Release|Any CPU.ActiveCfg = Release|Any CPU
		{04CE09B0-68C2-4C8B-921F-65EEA14D3D58}.Release|Any CPU.Build.0 = Release|Any CPU
		{6F1E2AAB-73BC-47BE-978E-C8CA8E93379A}.Debug|Any CPU.ActiveCfg = Debug|Any CPU
		{6F1E2AAB-73BC-47BE-978E-C8CA8E93379A}.Debug|Any CPU.Build.0 = Debug|Any CPU
		{6F1E2AAB-73BC-47BE-978E-C8CA8E93379A}.Release|Any CPU.ActiveCfg = Release|Any CPU
		{6F1E2AAB-73BC-47BE-978E-C8CA8E93379A}.Release|Any CPU.Build.0 = Release|Any CPU
		{5E7E8956-5DFA-44AF-9778-0EA6570A06C7}.Debug|Any CPU.ActiveCfg = Debug|Any CPU
		{5E7E8956-5DFA-44AF-9778-0EA6570A06C7}.Debug|Any CPU.Build.0 = Debug|Any CPU
		{5E7E8956-5DFA-44AF-9778-0EA6570A06C7}.Release|Any CPU.ActiveCfg = Release|Any CPU
		{5E7E8956-5DFA-44AF-9778-0EA6570A06C7}.Release|Any CPU.Build.0 = Release|Any CPU
		{42C35856-BD4B-42E8-B720-E3DBA4762A0D}.Debug|Any CPU.ActiveCfg = Debug|Any CPU
		{42C35856-BD4B-42E8-B720-E3DBA4762A0D}.Debug|Any CPU.Build.0 = Debug|Any CPU
		{42C35856-BD4B-42E8-B720-E3DBA4762A0D}.Release|Any CPU.ActiveCfg = Release|Any CPU
		{42C35856-BD4B-42E8-B720-E3DBA4762A0D}.Release|Any CPU.Build.0 = Release|Any CPU
		{710B36FF-88FD-4155-984B-317137286D25}.Debug|Any CPU.ActiveCfg = Debug|Any CPU
		{710B36FF-88FD-4155-984B-317137286D25}.Debug|Any CPU.Build.0 = Debug|Any CPU
		{710B36FF-88FD-4155-984B-317137286D25}.Release|Any CPU.ActiveCfg = Release|Any CPU
		{710B36FF-88FD-4155-984B-317137286D25}.Release|Any CPU.Build.0 = Release|Any CPU
		{E3A48FD5-8997-4F40-98C4-82A90636B761}.Debug|Any CPU.ActiveCfg = Debug|Any CPU
		{E3A48FD5-8997-4F40-98C4-82A90636B761}.Debug|Any CPU.Build.0 = Debug|Any CPU
		{E3A48FD5-8997-4F40-98C4-82A90636B761}.Release|Any CPU.ActiveCfg = Release|Any CPU
		{E3A48FD5-8997-4F40-98C4-82A90636B761}.Release|Any CPU.Build.0 = Release|Any CPU
		{3CF84649-2030-4D91-B93F-984421BC479C}.Debug|Any CPU.ActiveCfg = Debug|Any CPU
		{3CF84649-2030-4D91-B93F-984421BC479C}.Debug|Any CPU.Build.0 = Debug|Any CPU
		{3CF84649-2030-4D91-B93F-984421BC479C}.Release|Any CPU.ActiveCfg = Release|Any CPU
		{3CF84649-2030-4D91-B93F-984421BC479C}.Release|Any CPU.Build.0 = Release|Any CPU
		{57A3B282-A34B-4D18-AD96-7DE572D6F7F6}.Debug|Any CPU.ActiveCfg = Debug|Any CPU
		{57A3B282-A34B-4D18-AD96-7DE572D6F7F6}.Debug|Any CPU.Build.0 = Debug|Any CPU
		{57A3B282-A34B-4D18-AD96-7DE572D6F7F6}.Release|Any CPU.ActiveCfg = Release|Any CPU
		{57A3B282-A34B-4D18-AD96-7DE572D6F7F6}.Release|Any CPU.Build.0 = Release|Any CPU
		{2EFB81D3-AB77-48DC-882B-EEC2C37196EB}.Debug|Any CPU.ActiveCfg = Debug|Any CPU
		{2EFB81D3-AB77-48DC-882B-EEC2C37196EB}.Debug|Any CPU.Build.0 = Debug|Any CPU
		{2EFB81D3-AB77-48DC-882B-EEC2C37196EB}.Release|Any CPU.ActiveCfg = Release|Any CPU
		{2EFB81D3-AB77-48DC-882B-EEC2C37196EB}.Release|Any CPU.Build.0 = Release|Any CPU
		{410713E8-F898-4600-B860-D899B03D6B7A}.Debug|Any CPU.ActiveCfg = Debug|Any CPU
		{410713E8-F898-4600-B860-D899B03D6B7A}.Debug|Any CPU.Build.0 = Debug|Any CPU
		{410713E8-F898-4600-B860-D899B03D6B7A}.Release|Any CPU.ActiveCfg = Release|Any CPU
		{410713E8-F898-4600-B860-D899B03D6B7A}.Release|Any CPU.Build.0 = Release|Any CPU
		{0B05339B-50B7-47F5-93AC-325CFAD5E842}.Debug|Any CPU.ActiveCfg = Debug|Any CPU
		{0B05339B-50B7-47F5-93AC-325CFAD5E842}.Debug|Any CPU.Build.0 = Debug|Any CPU
		{0B05339B-50B7-47F5-93AC-325CFAD5E842}.Release|Any CPU.ActiveCfg = Release|Any CPU
		{0B05339B-50B7-47F5-93AC-325CFAD5E842}.Release|Any CPU.Build.0 = Release|Any CPU
		{3B75BB62-B670-4C28-B3C9-76C6717F6C90}.Debug|Any CPU.ActiveCfg = Debug|Any CPU
		{3B75BB62-B670-4C28-B3C9-76C6717F6C90}.Debug|Any CPU.Build.0 = Debug|Any CPU
		{3B75BB62-B670-4C28-B3C9-76C6717F6C90}.Release|Any CPU.ActiveCfg = Release|Any CPU
		{3B75BB62-B670-4C28-B3C9-76C6717F6C90}.Release|Any CPU.Build.0 = Release|Any CPU
		{0561B343-39A1-49E2-9836-31F57C8605D8}.Debug|Any CPU.ActiveCfg = Debug|Any CPU
		{0561B343-39A1-49E2-9836-31F57C8605D8}.Debug|Any CPU.Build.0 = Debug|Any CPU
		{0561B343-39A1-49E2-9836-31F57C8605D8}.Release|Any CPU.ActiveCfg = Release|Any CPU
		{0561B343-39A1-49E2-9836-31F57C8605D8}.Release|Any CPU.Build.0 = Release|Any CPU
		{EAD1F286-DA98-4DDA-A968-9B35474A9E22}.Debug|Any CPU.ActiveCfg = Debug|Any CPU
		{EAD1F286-DA98-4DDA-A968-9B35474A9E22}.Debug|Any CPU.Build.0 = Debug|Any CPU
		{EAD1F286-DA98-4DDA-A968-9B35474A9E22}.Release|Any CPU.ActiveCfg = Release|Any CPU
		{EAD1F286-DA98-4DDA-A968-9B35474A9E22}.Release|Any CPU.Build.0 = Release|Any CPU
		{9DB8717C-8F21-450B-9FEA-BBFB3F835390}.Debug|Any CPU.ActiveCfg = Debug|Any CPU
		{9DB8717C-8F21-450B-9FEA-BBFB3F835390}.Debug|Any CPU.Build.0 = Debug|Any CPU
		{9DB8717C-8F21-450B-9FEA-BBFB3F835390}.Release|Any CPU.ActiveCfg = Release|Any CPU
		{9DB8717C-8F21-450B-9FEA-BBFB3F835390}.Release|Any CPU.Build.0 = Release|Any CPU
		{D4DDBF38-E88D-4BB9-B19D-B17063E686AA}.Debug|Any CPU.ActiveCfg = Debug|Any CPU
		{D4DDBF38-E88D-4BB9-B19D-B17063E686AA}.Debug|Any CPU.Build.0 = Debug|Any CPU
		{D4DDBF38-E88D-4BB9-B19D-B17063E686AA}.Release|Any CPU.ActiveCfg = Release|Any CPU
		{D4DDBF38-E88D-4BB9-B19D-B17063E686AA}.Release|Any CPU.Build.0 = Release|Any CPU
		{F45D1678-B4EF-4831-824B-57E72F937634}.Debug|Any CPU.ActiveCfg = Debug|Any CPU
		{F45D1678-B4EF-4831-824B-57E72F937634}.Debug|Any CPU.Build.0 = Debug|Any CPU
		{F45D1678-B4EF-4831-824B-57E72F937634}.Release|Any CPU.ActiveCfg = Release|Any CPU
		{F45D1678-B4EF-4831-824B-57E72F937634}.Release|Any CPU.Build.0 = Release|Any CPU
		{FF962242-BAD5-43FB-BA8C-A24D70E33821}.Debug|Any CPU.ActiveCfg = Debug|Any CPU
		{FF962242-BAD5-43FB-BA8C-A24D70E33821}.Debug|Any CPU.Build.0 = Debug|Any CPU
		{FF962242-BAD5-43FB-BA8C-A24D70E33821}.Release|Any CPU.ActiveCfg = Release|Any CPU
		{FF962242-BAD5-43FB-BA8C-A24D70E33821}.Release|Any CPU.Build.0 = Release|Any CPU
		{FDC479ED-9D0A-4D6B-99D3-53C4CD41E852}.Debug|Any CPU.ActiveCfg = Debug|Any CPU
		{FDC479ED-9D0A-4D6B-99D3-53C4CD41E852}.Debug|Any CPU.Build.0 = Debug|Any CPU
		{FDC479ED-9D0A-4D6B-99D3-53C4CD41E852}.Release|Any CPU.ActiveCfg = Release|Any CPU
		{FDC479ED-9D0A-4D6B-99D3-53C4CD41E852}.Release|Any CPU.Build.0 = Release|Any CPU
		{33EA449E-9D02-4DDE-85BC-58AD664D9ABD}.Debug|Any CPU.ActiveCfg = Debug|Any CPU
		{33EA449E-9D02-4DDE-85BC-58AD664D9ABD}.Debug|Any CPU.Build.0 = Debug|Any CPU
		{33EA449E-9D02-4DDE-85BC-58AD664D9ABD}.Release|Any CPU.ActiveCfg = Release|Any CPU
		{33EA449E-9D02-4DDE-85BC-58AD664D9ABD}.Release|Any CPU.Build.0 = Release|Any CPU
		{DE177367-D476-4299-B9E6-71934B434FC5}.Debug|Any CPU.ActiveCfg = Debug|Any CPU
		{DE177367-D476-4299-B9E6-71934B434FC5}.Debug|Any CPU.Build.0 = Debug|Any CPU
		{DE177367-D476-4299-B9E6-71934B434FC5}.Release|Any CPU.ActiveCfg = Release|Any CPU
		{DE177367-D476-4299-B9E6-71934B434FC5}.Release|Any CPU.Build.0 = Release|Any CPU
		{C12C6483-778D-4606-8239-62045D67788F}.Debug|Any CPU.ActiveCfg = Debug|Any CPU
		{C12C6483-778D-4606-8239-62045D67788F}.Debug|Any CPU.Build.0 = Debug|Any CPU
		{C12C6483-778D-4606-8239-62045D67788F}.Release|Any CPU.ActiveCfg = Release|Any CPU
		{C12C6483-778D-4606-8239-62045D67788F}.Release|Any CPU.Build.0 = Release|Any CPU
		{36F0AC19-B618-4C38-866D-BD75369E83D1}.Debug|Any CPU.ActiveCfg = Debug|Any CPU
		{36F0AC19-B618-4C38-866D-BD75369E83D1}.Debug|Any CPU.Build.0 = Debug|Any CPU
		{36F0AC19-B618-4C38-866D-BD75369E83D1}.Release|Any CPU.ActiveCfg = Release|Any CPU
		{36F0AC19-B618-4C38-866D-BD75369E83D1}.Release|Any CPU.Build.0 = Release|Any CPU
		{7FEA24FE-C3AC-43BF-A8B0-099AABFBD526}.Debug|Any CPU.ActiveCfg = Debug|Any CPU
		{7FEA24FE-C3AC-43BF-A8B0-099AABFBD526}.Debug|Any CPU.Build.0 = Debug|Any CPU
		{7FEA24FE-C3AC-43BF-A8B0-099AABFBD526}.Release|Any CPU.ActiveCfg = Release|Any CPU
		{7FEA24FE-C3AC-43BF-A8B0-099AABFBD526}.Release|Any CPU.Build.0 = Release|Any CPU
		{07786CDC-3BA4-43C7-A37C-4EDBCBE89299}.Debug|Any CPU.ActiveCfg = Debug|Any CPU
		{07786CDC-3BA4-43C7-A37C-4EDBCBE89299}.Debug|Any CPU.Build.0 = Debug|Any CPU
		{07786CDC-3BA4-43C7-A37C-4EDBCBE89299}.Release|Any CPU.ActiveCfg = Release|Any CPU
		{07786CDC-3BA4-43C7-A37C-4EDBCBE89299}.Release|Any CPU.Build.0 = Release|Any CPU
		{A79001BD-3CAC-44C0-A429-564B18C84A93}.Debug|Any CPU.ActiveCfg = Debug|Any CPU
		{A79001BD-3CAC-44C0-A429-564B18C84A93}.Debug|Any CPU.Build.0 = Debug|Any CPU
		{A79001BD-3CAC-44C0-A429-564B18C84A93}.Release|Any CPU.ActiveCfg = Release|Any CPU
		{A79001BD-3CAC-44C0-A429-564B18C84A93}.Release|Any CPU.Build.0 = Release|Any CPU
		{ED404A63-FC25-4C42-AB4C-619815D8A6EB}.Debug|Any CPU.ActiveCfg = Debug|Any CPU
		{ED404A63-FC25-4C42-AB4C-619815D8A6EB}.Debug|Any CPU.Build.0 = Debug|Any CPU
		{ED404A63-FC25-4C42-AB4C-619815D8A6EB}.Release|Any CPU.ActiveCfg = Release|Any CPU
		{ED404A63-FC25-4C42-AB4C-619815D8A6EB}.Release|Any CPU.Build.0 = Release|Any CPU
		{56475E35-0CC7-4D75-937C-FF46C073BB66}.Debug|Any CPU.ActiveCfg = Debug|Any CPU
		{56475E35-0CC7-4D75-937C-FF46C073BB66}.Debug|Any CPU.Build.0 = Debug|Any CPU
		{56475E35-0CC7-4D75-937C-FF46C073BB66}.Release|Any CPU.ActiveCfg = Release|Any CPU
		{56475E35-0CC7-4D75-937C-FF46C073BB66}.Release|Any CPU.Build.0 = Release|Any CPU
		{F1C703CB-F808-4C87-9961-57DDA14354A4}.Debug|Any CPU.ActiveCfg = Debug|Any CPU
		{F1C703CB-F808-4C87-9961-57DDA14354A4}.Debug|Any CPU.Build.0 = Debug|Any CPU
		{F1C703CB-F808-4C87-9961-57DDA14354A4}.Release|Any CPU.ActiveCfg = Release|Any CPU
		{F1C703CB-F808-4C87-9961-57DDA14354A4}.Release|Any CPU.Build.0 = Release|Any CPU
		{E1044E5B-715F-4AE8-8FAB-2B95BF05289D}.Debug|Any CPU.ActiveCfg = Debug|Any CPU
		{E1044E5B-715F-4AE8-8FAB-2B95BF05289D}.Debug|Any CPU.Build.0 = Debug|Any CPU
		{E1044E5B-715F-4AE8-8FAB-2B95BF05289D}.Release|Any CPU.ActiveCfg = Release|Any CPU
		{E1044E5B-715F-4AE8-8FAB-2B95BF05289D}.Release|Any CPU.Build.0 = Release|Any CPU
		{1AC61159-586F-4A8E-9857-26FD34C8047F}.Debug|Any CPU.ActiveCfg = Debug|Any CPU
		{1AC61159-586F-4A8E-9857-26FD34C8047F}.Debug|Any CPU.Build.0 = Debug|Any CPU
		{1AC61159-586F-4A8E-9857-26FD34C8047F}.Release|Any CPU.ActiveCfg = Release|Any CPU
		{1AC61159-586F-4A8E-9857-26FD34C8047F}.Release|Any CPU.Build.0 = Release|Any CPU
		{B51489BA-5826-4F55-9A1F-51B3E8ADB142}.Debug|Any CPU.ActiveCfg = Debug|Any CPU
		{B51489BA-5826-4F55-9A1F-51B3E8ADB142}.Debug|Any CPU.Build.0 = Debug|Any CPU
		{B51489BA-5826-4F55-9A1F-51B3E8ADB142}.Release|Any CPU.ActiveCfg = Release|Any CPU
		{B51489BA-5826-4F55-9A1F-51B3E8ADB142}.Release|Any CPU.Build.0 = Release|Any CPU
		{9A223AC6-CBF7-418E-93E0-F2326ADDAC07}.Debug|Any CPU.ActiveCfg = Debug|Any CPU
		{9A223AC6-CBF7-418E-93E0-F2326ADDAC07}.Debug|Any CPU.Build.0 = Debug|Any CPU
		{9A223AC6-CBF7-418E-93E0-F2326ADDAC07}.Release|Any CPU.ActiveCfg = Release|Any CPU
		{9A223AC6-CBF7-418E-93E0-F2326ADDAC07}.Release|Any CPU.Build.0 = Release|Any CPU
		{F66F26B3-E36F-4F27-AF96-E6DDB59CA0D2}.Debug|Any CPU.ActiveCfg = Debug|Any CPU
		{F66F26B3-E36F-4F27-AF96-E6DDB59CA0D2}.Debug|Any CPU.Build.0 = Debug|Any CPU
		{F66F26B3-E36F-4F27-AF96-E6DDB59CA0D2}.Release|Any CPU.ActiveCfg = Release|Any CPU
		{F66F26B3-E36F-4F27-AF96-E6DDB59CA0D2}.Release|Any CPU.Build.0 = Release|Any CPU
		{43F7EB29-6F2C-4C2E-8072-7B9278A38244}.Debug|Any CPU.ActiveCfg = Debug|Any CPU
		{43F7EB29-6F2C-4C2E-8072-7B9278A38244}.Debug|Any CPU.Build.0 = Debug|Any CPU
		{43F7EB29-6F2C-4C2E-8072-7B9278A38244}.Release|Any CPU.ActiveCfg = Release|Any CPU
		{43F7EB29-6F2C-4C2E-8072-7B9278A38244}.Release|Any CPU.Build.0 = Release|Any CPU
		{E9452E43-0EFB-448E-93AA-E084644C796E}.Debug|Any CPU.ActiveCfg = Debug|Any CPU
		{E9452E43-0EFB-448E-93AA-E084644C796E}.Debug|Any CPU.Build.0 = Debug|Any CPU
		{E9452E43-0EFB-448E-93AA-E084644C796E}.Release|Any CPU.ActiveCfg = Release|Any CPU
		{E9452E43-0EFB-448E-93AA-E084644C796E}.Release|Any CPU.Build.0 = Release|Any CPU
		{3695D671-4A21-4586-86F9-434602EA241C}.Debug|Any CPU.ActiveCfg = Debug|Any CPU
		{3695D671-4A21-4586-86F9-434602EA241C}.Debug|Any CPU.Build.0 = Debug|Any CPU
		{3695D671-4A21-4586-86F9-434602EA241C}.Release|Any CPU.ActiveCfg = Release|Any CPU
		{3695D671-4A21-4586-86F9-434602EA241C}.Release|Any CPU.Build.0 = Release|Any CPU
		{DC43DD5D-0776-4345-853D-DEF3A95F0CDF}.Debug|Any CPU.ActiveCfg = Debug|Any CPU
		{DC43DD5D-0776-4345-853D-DEF3A95F0CDF}.Debug|Any CPU.Build.0 = Debug|Any CPU
		{DC43DD5D-0776-4345-853D-DEF3A95F0CDF}.Release|Any CPU.ActiveCfg = Release|Any CPU
		{DC43DD5D-0776-4345-853D-DEF3A95F0CDF}.Release|Any CPU.Build.0 = Release|Any CPU
		{48ABE8B4-C509-4B9D-93B6-5D5FC2EA88B8}.Debug|Any CPU.ActiveCfg = Debug|Any CPU
		{48ABE8B4-C509-4B9D-93B6-5D5FC2EA88B8}.Debug|Any CPU.Build.0 = Debug|Any CPU
		{48ABE8B4-C509-4B9D-93B6-5D5FC2EA88B8}.Release|Any CPU.ActiveCfg = Release|Any CPU
		{48ABE8B4-C509-4B9D-93B6-5D5FC2EA88B8}.Release|Any CPU.Build.0 = Release|Any CPU
		{6F137540-606F-4E35-89E6-E73ADAACDC52}.Debug|Any CPU.ActiveCfg = Debug|Any CPU
		{6F137540-606F-4E35-89E6-E73ADAACDC52}.Debug|Any CPU.Build.0 = Debug|Any CPU
		{6F137540-606F-4E35-89E6-E73ADAACDC52}.Release|Any CPU.ActiveCfg = Release|Any CPU
		{6F137540-606F-4E35-89E6-E73ADAACDC52}.Release|Any CPU.Build.0 = Release|Any CPU
		{4513F60A-02D8-48EC-B7C5-456BE83E4759}.Debug|Any CPU.ActiveCfg = Debug|Any CPU
		{4513F60A-02D8-48EC-B7C5-456BE83E4759}.Debug|Any CPU.Build.0 = Debug|Any CPU
		{4513F60A-02D8-48EC-B7C5-456BE83E4759}.Release|Any CPU.ActiveCfg = Release|Any CPU
		{4513F60A-02D8-48EC-B7C5-456BE83E4759}.Release|Any CPU.Build.0 = Release|Any CPU
		{B390DF1E-165B-4949-936C-D00C4A3FEEF0}.Debug|Any CPU.ActiveCfg = Debug|Any CPU
		{B390DF1E-165B-4949-936C-D00C4A3FEEF0}.Debug|Any CPU.Build.0 = Debug|Any CPU
		{B390DF1E-165B-4949-936C-D00C4A3FEEF0}.Release|Any CPU.ActiveCfg = Release|Any CPU
		{B390DF1E-165B-4949-936C-D00C4A3FEEF0}.Release|Any CPU.Build.0 = Release|Any CPU
		{5EEC9791-FD02-43A3-8D6E-83FD601B1177}.Debug|Any CPU.ActiveCfg = Debug|Any CPU
		{5EEC9791-FD02-43A3-8D6E-83FD601B1177}.Debug|Any CPU.Build.0 = Debug|Any CPU
		{5EEC9791-FD02-43A3-8D6E-83FD601B1177}.Release|Any CPU.ActiveCfg = Release|Any CPU
		{5EEC9791-FD02-43A3-8D6E-83FD601B1177}.Release|Any CPU.Build.0 = Release|Any CPU
		{935E6089-3EE2-4661-B04F-EBE893629E83}.Debug|Any CPU.ActiveCfg = Debug|Any CPU
		{935E6089-3EE2-4661-B04F-EBE893629E83}.Debug|Any CPU.Build.0 = Debug|Any CPU
		{935E6089-3EE2-4661-B04F-EBE893629E83}.Release|Any CPU.ActiveCfg = Release|Any CPU
		{935E6089-3EE2-4661-B04F-EBE893629E83}.Release|Any CPU.Build.0 = Release|Any CPU
		{24FE0487-D6F3-4B85-9942-7CB8E422221B}.Debug|Any CPU.ActiveCfg = Debug|Any CPU
		{24FE0487-D6F3-4B85-9942-7CB8E422221B}.Debug|Any CPU.Build.0 = Debug|Any CPU
		{24FE0487-D6F3-4B85-9942-7CB8E422221B}.Release|Any CPU.ActiveCfg = Release|Any CPU
		{24FE0487-D6F3-4B85-9942-7CB8E422221B}.Release|Any CPU.Build.0 = Release|Any CPU
		{733303D8-9ECF-4ACA-86B2-C2F34B8B9DE0}.Debug|Any CPU.ActiveCfg = Debug|Any CPU
		{733303D8-9ECF-4ACA-86B2-C2F34B8B9DE0}.Debug|Any CPU.Build.0 = Debug|Any CPU
		{733303D8-9ECF-4ACA-86B2-C2F34B8B9DE0}.Release|Any CPU.ActiveCfg = Release|Any CPU
		{733303D8-9ECF-4ACA-86B2-C2F34B8B9DE0}.Release|Any CPU.Build.0 = Release|Any CPU
		{0A2DEC4C-A2FC-4290-85FA-2F64F6FAC4C2}.Debug|Any CPU.ActiveCfg = Debug|Any CPU
		{0A2DEC4C-A2FC-4290-85FA-2F64F6FAC4C2}.Debug|Any CPU.Build.0 = Debug|Any CPU
		{0A2DEC4C-A2FC-4290-85FA-2F64F6FAC4C2}.Release|Any CPU.ActiveCfg = Release|Any CPU
		{0A2DEC4C-A2FC-4290-85FA-2F64F6FAC4C2}.Release|Any CPU.Build.0 = Release|Any CPU
		{5CD69B39-BFF1-4713-86C7-D5D7D7F397EA}.Debug|Any CPU.ActiveCfg = Debug|Any CPU
		{5CD69B39-BFF1-4713-86C7-D5D7D7F397EA}.Debug|Any CPU.Build.0 = Debug|Any CPU
		{5CD69B39-BFF1-4713-86C7-D5D7D7F397EA}.Release|Any CPU.ActiveCfg = Release|Any CPU
		{5CD69B39-BFF1-4713-86C7-D5D7D7F397EA}.Release|Any CPU.Build.0 = Release|Any CPU
		{485C574B-D830-40EC-9427-EF57D0D40C8D}.Debug|Any CPU.ActiveCfg = Debug|Any CPU
		{485C574B-D830-40EC-9427-EF57D0D40C8D}.Debug|Any CPU.Build.0 = Debug|Any CPU
		{485C574B-D830-40EC-9427-EF57D0D40C8D}.Release|Any CPU.ActiveCfg = Release|Any CPU
		{485C574B-D830-40EC-9427-EF57D0D40C8D}.Release|Any CPU.Build.0 = Release|Any CPU
		{3A5B08D5-646A-40D3-913A-CD1F05A6908D}.Debug|Any CPU.ActiveCfg = Debug|Any CPU
		{3A5B08D5-646A-40D3-913A-CD1F05A6908D}.Debug|Any CPU.Build.0 = Debug|Any CPU
		{3A5B08D5-646A-40D3-913A-CD1F05A6908D}.Release|Any CPU.ActiveCfg = Release|Any CPU
		{3A5B08D5-646A-40D3-913A-CD1F05A6908D}.Release|Any CPU.Build.0 = Release|Any CPU
		{3A9AA6C6-E8DA-41BE-B69C-9DC662D084B2}.Debug|Any CPU.ActiveCfg = Debug|Any CPU
		{3A9AA6C6-E8DA-41BE-B69C-9DC662D084B2}.Debug|Any CPU.Build.0 = Debug|Any CPU
		{3A9AA6C6-E8DA-41BE-B69C-9DC662D084B2}.Release|Any CPU.ActiveCfg = Release|Any CPU
		{3A9AA6C6-E8DA-41BE-B69C-9DC662D084B2}.Release|Any CPU.Build.0 = Release|Any CPU
		{E8F8E83D-81EE-4EE1-AB7E-B5B4B9A88E03}.Debug|Any CPU.ActiveCfg = Debug|Any CPU
		{E8F8E83D-81EE-4EE1-AB7E-B5B4B9A88E03}.Debug|Any CPU.Build.0 = Debug|Any CPU
		{E8F8E83D-81EE-4EE1-AB7E-B5B4B9A88E03}.Release|Any CPU.ActiveCfg = Release|Any CPU
		{E8F8E83D-81EE-4EE1-AB7E-B5B4B9A88E03}.Release|Any CPU.Build.0 = Release|Any CPU
		{944F5519-873F-4C88-BACE-1A383E0C5F49}.Debug|Any CPU.ActiveCfg = Debug|Any CPU
		{944F5519-873F-4C88-BACE-1A383E0C5F49}.Debug|Any CPU.Build.0 = Debug|Any CPU
		{944F5519-873F-4C88-BACE-1A383E0C5F49}.Release|Any CPU.ActiveCfg = Release|Any CPU
		{944F5519-873F-4C88-BACE-1A383E0C5F49}.Release|Any CPU.Build.0 = Release|Any CPU
		{C5A5AE9C-9137-4309-AC4E-F9494694390E}.Debug|Any CPU.ActiveCfg = Debug|Any CPU
		{C5A5AE9C-9137-4309-AC4E-F9494694390E}.Debug|Any CPU.Build.0 = Debug|Any CPU
		{C5A5AE9C-9137-4309-AC4E-F9494694390E}.Release|Any CPU.ActiveCfg = Release|Any CPU
		{C5A5AE9C-9137-4309-AC4E-F9494694390E}.Release|Any CPU.Build.0 = Release|Any CPU
		{2220169E-4A02-442C-820B-CDE62EF9233A}.Debug|Any CPU.ActiveCfg = Debug|Any CPU
		{2220169E-4A02-442C-820B-CDE62EF9233A}.Debug|Any CPU.Build.0 = Debug|Any CPU
		{2220169E-4A02-442C-820B-CDE62EF9233A}.Release|Any CPU.ActiveCfg = Release|Any CPU
		{2220169E-4A02-442C-820B-CDE62EF9233A}.Release|Any CPU.Build.0 = Release|Any CPU
		{C5A69A8F-C0B4-4BC6-B74F-49D892D87C3C}.Debug|Any CPU.ActiveCfg = Debug|Any CPU
		{C5A69A8F-C0B4-4BC6-B74F-49D892D87C3C}.Debug|Any CPU.Build.0 = Debug|Any CPU
		{C5A69A8F-C0B4-4BC6-B74F-49D892D87C3C}.Release|Any CPU.ActiveCfg = Release|Any CPU
		{C5A69A8F-C0B4-4BC6-B74F-49D892D87C3C}.Release|Any CPU.Build.0 = Release|Any CPU
		{925156ED-76E0-44B3-9FC4-4CD14AB7312C}.Debug|Any CPU.ActiveCfg = Debug|Any CPU
		{925156ED-76E0-44B3-9FC4-4CD14AB7312C}.Debug|Any CPU.Build.0 = Debug|Any CPU
		{925156ED-76E0-44B3-9FC4-4CD14AB7312C}.Release|Any CPU.ActiveCfg = Release|Any CPU
		{925156ED-76E0-44B3-9FC4-4CD14AB7312C}.Release|Any CPU.Build.0 = Release|Any CPU
		{DA019B82-209E-4B01-A890-3B13BE8FF61F}.Debug|Any CPU.ActiveCfg = Debug|Any CPU
		{DA019B82-209E-4B01-A890-3B13BE8FF61F}.Debug|Any CPU.Build.0 = Debug|Any CPU
		{DA019B82-209E-4B01-A890-3B13BE8FF61F}.Release|Any CPU.ActiveCfg = Release|Any CPU
		{DA019B82-209E-4B01-A890-3B13BE8FF61F}.Release|Any CPU.Build.0 = Release|Any CPU
		{2AC9A9B5-8DBD-45E0-B340-5778C2C6EE8B}.Debug|Any CPU.ActiveCfg = Debug|Any CPU
		{2AC9A9B5-8DBD-45E0-B340-5778C2C6EE8B}.Debug|Any CPU.Build.0 = Debug|Any CPU
		{2AC9A9B5-8DBD-45E0-B340-5778C2C6EE8B}.Release|Any CPU.ActiveCfg = Release|Any CPU
		{2AC9A9B5-8DBD-45E0-B340-5778C2C6EE8B}.Release|Any CPU.Build.0 = Release|Any CPU
	EndGlobalSection
	GlobalSection(SolutionProperties) = preSolution
		HideSolutionNode = FALSE
	EndGlobalSection
	GlobalSection(NestedProjects) = preSolution
		{C41EA8CB-E1DB-432C-BF2E-7C8188A009A6} = {DAA8B90E-4708-4842-A22C-916B07A2D048}
		{1613C7D5-1564-4D6A-9F8D-0E84359C6A78} = {DAA8B90E-4708-4842-A22C-916B07A2D048}
		{C57BAAC5-468E-44F1-8A38-AA7C609B2F9D} = {DAA8B90E-4708-4842-A22C-916B07A2D048}
		{2972A488-2F67-426D-8762-C85FB36FB32C} = {3621A3CE-CF23-4454-B901-013B2A16A5FE}
		{96929B04-8386-4F55-B348-15A592FA7C0C} = {DAA8B90E-4708-4842-A22C-916B07A2D048}
		{68F5A4A1-FD17-4DC7-8DCF-9200751DC89E} = {3621A3CE-CF23-4454-B901-013B2A16A5FE}
		{E923CA07-9C38-4D69-B150-2A8FFF6E9100} = {3621A3CE-CF23-4454-B901-013B2A16A5FE}
		{26C1F0DC-3C1C-4BC2-97E0-A6C3150B6201} = {DAA8B90E-4708-4842-A22C-916B07A2D048}
		{56A0B1F7-FA7E-46B0-A1C8-164DDB07FC4C} = {46C61870-A203-487D-9680-8D143871AA1F}
		{F670D629-233A-44A9-AD6F-0A40F52CB502} = {46C61870-A203-487D-9680-8D143871AA1F}
		{0DB00A04-D88F-47A7-818E-35D6C0E60BBB} = {DAA8B90E-4708-4842-A22C-916B07A2D048}
		{C91ACFE6-88A2-43D8-81D7-0EEBA9C89DFE} = {DAA8B90E-4708-4842-A22C-916B07A2D048}
		{C405EC88-B752-4BE3-BF9D-6D71DABA5ABF} = {DAA8B90E-4708-4842-A22C-916B07A2D048}
		{B4EF59C8-B9E1-46F0-8EB1-3D8C72C778FC} = {DAA8B90E-4708-4842-A22C-916B07A2D048}
		{D6171CC1-577A-4123-9CA3-34E017A40071} = {46C61870-A203-487D-9680-8D143871AA1F}
		{676FFB48-2B61-46BF-86B1-1A6D5F48888D} = {DAA8B90E-4708-4842-A22C-916B07A2D048}
		{286642B8-1367-47A4-B5A5-2FD4494C110C} = {DAA8B90E-4708-4842-A22C-916B07A2D048}
		{DBADFA28-E995-4E75-9933-215A51E7B580} = {B78BC13A-910C-4D34-B966-EC3B815D83B8}
		{FF32AC23-39E7-4D97-A2C9-D941520A5A2F} = {DAA8B90E-4708-4842-A22C-916B07A2D048}
		{04CE09B0-68C2-4C8B-921F-65EEA14D3D58} = {3621A3CE-CF23-4454-B901-013B2A16A5FE}
		{6F1E2AAB-73BC-47BE-978E-C8CA8E93379A} = {46C61870-A203-487D-9680-8D143871AA1F}
		{5E7E8956-5DFA-44AF-9778-0EA6570A06C7} = {46C61870-A203-487D-9680-8D143871AA1F}
		{42C35856-BD4B-42E8-B720-E3DBA4762A0D} = {DAA8B90E-4708-4842-A22C-916B07A2D048}
		{710B36FF-88FD-4155-984B-317137286D25} = {DAA8B90E-4708-4842-A22C-916B07A2D048}
		{E3A48FD5-8997-4F40-98C4-82A90636B761} = {DAA8B90E-4708-4842-A22C-916B07A2D048}
		{3CF84649-2030-4D91-B93F-984421BC479C} = {DAA8B90E-4708-4842-A22C-916B07A2D048}
		{57A3B282-A34B-4D18-AD96-7DE572D6F7F6} = {DAA8B90E-4708-4842-A22C-916B07A2D048}
		{2EFB81D3-AB77-48DC-882B-EEC2C37196EB} = {DAA8B90E-4708-4842-A22C-916B07A2D048}
		{410713E8-F898-4600-B860-D899B03D6B7A} = {DAA8B90E-4708-4842-A22C-916B07A2D048}
		{0B05339B-50B7-47F5-93AC-325CFAD5E842} = {DAA8B90E-4708-4842-A22C-916B07A2D048}
		{3B75BB62-B670-4C28-B3C9-76C6717F6C90} = {DAA8B90E-4708-4842-A22C-916B07A2D048}
		{0561B343-39A1-49E2-9836-31F57C8605D8} = {DAA8B90E-4708-4842-A22C-916B07A2D048}
		{EAD1F286-DA98-4DDA-A968-9B35474A9E22} = {3621A3CE-CF23-4454-B901-013B2A16A5FE}
		{9DB8717C-8F21-450B-9FEA-BBFB3F835390} = {DAA8B90E-4708-4842-A22C-916B07A2D048}
		{D4DDBF38-E88D-4BB9-B19D-B17063E686AA} = {DAA8B90E-4708-4842-A22C-916B07A2D048}
		{F45D1678-B4EF-4831-824B-57E72F937634} = {DAA8B90E-4708-4842-A22C-916B07A2D048}
		{FF962242-BAD5-43FB-BA8C-A24D70E33821} = {DAA8B90E-4708-4842-A22C-916B07A2D048}
		{FDC479ED-9D0A-4D6B-99D3-53C4CD41E852} = {DAA8B90E-4708-4842-A22C-916B07A2D048}
		{33EA449E-9D02-4DDE-85BC-58AD664D9ABD} = {DAA8B90E-4708-4842-A22C-916B07A2D048}
		{DE177367-D476-4299-B9E6-71934B434FC5} = {46C61870-A203-487D-9680-8D143871AA1F}
		{C12C6483-778D-4606-8239-62045D67788F} = {DAA8B90E-4708-4842-A22C-916B07A2D048}
		{36F0AC19-B618-4C38-866D-BD75369E83D1} = {DAA8B90E-4708-4842-A22C-916B07A2D048}
		{7FEA24FE-C3AC-43BF-A8B0-099AABFBD526} = {3621A3CE-CF23-4454-B901-013B2A16A5FE}
		{07786CDC-3BA4-43C7-A37C-4EDBCBE89299} = {3621A3CE-CF23-4454-B901-013B2A16A5FE}
		{A79001BD-3CAC-44C0-A429-564B18C84A93} = {3621A3CE-CF23-4454-B901-013B2A16A5FE}
		{ED404A63-FC25-4C42-AB4C-619815D8A6EB} = {3621A3CE-CF23-4454-B901-013B2A16A5FE}
		{56475E35-0CC7-4D75-937C-FF46C073BB66} = {3621A3CE-CF23-4454-B901-013B2A16A5FE}
		{F1C703CB-F808-4C87-9961-57DDA14354A4} = {DAA8B90E-4708-4842-A22C-916B07A2D048}
		{E1044E5B-715F-4AE8-8FAB-2B95BF05289D} = {3621A3CE-CF23-4454-B901-013B2A16A5FE}
		{1AC61159-586F-4A8E-9857-26FD34C8047F} = {DAA8B90E-4708-4842-A22C-916B07A2D048}
		{B51489BA-5826-4F55-9A1F-51B3E8ADB142} = {46C61870-A203-487D-9680-8D143871AA1F}
		{9A223AC6-CBF7-418E-93E0-F2326ADDAC07} = {02E19E01-F2C6-4FAC-A57B-2A496B6129AD}
		{F66F26B3-E36F-4F27-AF96-E6DDB59CA0D2} = {F24A3FC4-85CD-4089-9C1C-0A9DA1900B86}
		{43F7EB29-6F2C-4C2E-8072-7B9278A38244} = {DAA8B90E-4708-4842-A22C-916B07A2D048}
		{E9452E43-0EFB-448E-93AA-E084644C796E} = {F24A3FC4-85CD-4089-9C1C-0A9DA1900B86}
		{3695D671-4A21-4586-86F9-434602EA241C} = {F24A3FC4-85CD-4089-9C1C-0A9DA1900B86}
		{DC43DD5D-0776-4345-853D-DEF3A95F0CDF} = {3621A3CE-CF23-4454-B901-013B2A16A5FE}
		{48ABE8B4-C509-4B9D-93B6-5D5FC2EA88B8} = {F24A3FC4-85CD-4089-9C1C-0A9DA1900B86}
		{6F137540-606F-4E35-89E6-E73ADAACDC52} = {3621A3CE-CF23-4454-B901-013B2A16A5FE}
		{4513F60A-02D8-48EC-B7C5-456BE83E4759} = {46C61870-A203-487D-9680-8D143871AA1F}
		{B390DF1E-165B-4949-936C-D00C4A3FEEF0} = {DAA8B90E-4708-4842-A22C-916B07A2D048}
		{5EEC9791-FD02-43A3-8D6E-83FD601B1177} = {3621A3CE-CF23-4454-B901-013B2A16A5FE}
		{935E6089-3EE2-4661-B04F-EBE893629E83} = {3621A3CE-CF23-4454-B901-013B2A16A5FE}
		{24FE0487-D6F3-4B85-9942-7CB8E422221B} = {46C61870-A203-487D-9680-8D143871AA1F}
		{733303D8-9ECF-4ACA-86B2-C2F34B8B9DE0} = {F24A3FC4-85CD-4089-9C1C-0A9DA1900B86}
		{0A2DEC4C-A2FC-4290-85FA-2F64F6FAC4C2} = {F24A3FC4-85CD-4089-9C1C-0A9DA1900B86}
		{5CD69B39-BFF1-4713-86C7-D5D7D7F397EA} = {F24A3FC4-85CD-4089-9C1C-0A9DA1900B86}
		{485C574B-D830-40EC-9427-EF57D0D40C8D} = {46C61870-A203-487D-9680-8D143871AA1F}
		{3A5B08D5-646A-40D3-913A-CD1F05A6908D} = {4EF0E910-DD23-4813-8959-9D10F1E4E788}
		{3A9AA6C6-E8DA-41BE-B69C-9DC662D084B2} = {E684E1EF-92C6-4A31-B7AF-DC0AA39C95C4}
		{E8F8E83D-81EE-4EE1-AB7E-B5B4B9A88E03} = {E684E1EF-92C6-4A31-B7AF-DC0AA39C95C4}
		{944F5519-873F-4C88-BACE-1A383E0C5F49} = {C643FF80-0938-4E5C-81AD-E9FDFE6D9654}
		{C5A5AE9C-9137-4309-AC4E-F9494694390E} = {C643FF80-0938-4E5C-81AD-E9FDFE6D9654}
		{2220169E-4A02-442C-820B-CDE62EF9233A} = {C643FF80-0938-4E5C-81AD-E9FDFE6D9654}
		{C5A69A8F-C0B4-4BC6-B74F-49D892D87C3C} = {5F5C3F2E-DD11-4F45-A24D-9E8FB109592A}
		{925156ED-76E0-44B3-9FC4-4CD14AB7312C} = {3621A3CE-CF23-4454-B901-013B2A16A5FE}
		{DA019B82-209E-4B01-A890-3B13BE8FF61F} = {F24A3FC4-85CD-4089-9C1C-0A9DA1900B86}
		{2AC9A9B5-8DBD-45E0-B340-5778C2C6EE8B} = {3621A3CE-CF23-4454-B901-013B2A16A5FE}
	EndGlobalSection
	GlobalSection(ExtensibilityGlobals) = postSolution
		SolutionGuid = {A00AF88A-EA58-4AEA-B65F-92354533E2CA}
	EndGlobalSection
EndGlobal
