Microsoft Visual Studio Solution File, Format Version 12.00
# Visual Studio 15
VisualStudioVersion = 15.0.28307.705
MinimumVisualStudioVersion = 10.0.40219.1
Project("{FAE04EC0-301F-11D3-BF4B-00C04F79EFBC}") = "EfEntityGenerationTests.Domain", "EfEntityGenerationTests.Domain\EfEntityGenerationTests.Domain.csproj", "{7EF3D98A-9DD3-418D-9600-5EC85FE21A96}"
EndProject
Project("{FAE04EC0-301F-11D3-BF4B-00C04F79EFBC}") = "EfEntityGenerationTests.Infrastructure.Data.EF", "EfEntityGenerationTests.Infrastructure.Data.EF\EfEntityGenerationTests.Infrastructure.Data.EF.csproj", "{BAE57BF9-4AFD-4194-94C3-81DA26645342}"
EndProject
Project("{2150E333-8FDC-42A3-9474-1A3956D46DE8}") = "3 - Domain", "3 - Domain", "{4AF861AE-7265-449D-A420-E8FCFC73FE82}"
EndProject
Project("{2150E333-8FDC-42A3-9474-1A3956D46DE8}") = "4 - Infrastructure", "4 - Infrastructure", "{F638DB87-A7C9-444B-A938-CF17B15EE6E3}"
EndProject
Global
	GlobalSection(SolutionConfigurationPlatforms) = preSolution
		Debug|Any CPU = Debug|Any CPU
		Release|Any CPU = Release|Any CPU
	EndGlobalSection
	GlobalSection(ProjectConfigurationPlatforms) = postSolution
		{7EF3D98A-9DD3-418D-9600-5EC85FE21A96}.Debug|Any CPU.ActiveCfg = Debug|Any CPU
		{7EF3D98A-9DD3-418D-9600-5EC85FE21A96}.Debug|Any CPU.Build.0 = Debug|Any CPU
		{7EF3D98A-9DD3-418D-9600-5EC85FE21A96}.Release|Any CPU.ActiveCfg = Release|Any CPU
		{7EF3D98A-9DD3-418D-9600-5EC85FE21A96}.Release|Any CPU.Build.0 = Release|Any CPU
		{BAE57BF9-4AFD-4194-94C3-81DA26645342}.Debug|Any CPU.ActiveCfg = Debug|Any CPU
		{BAE57BF9-4AFD-4194-94C3-81DA26645342}.Debug|Any CPU.Build.0 = Debug|Any CPU
		{BAE57BF9-4AFD-4194-94C3-81DA26645342}.Release|Any CPU.ActiveCfg = Release|Any CPU
		{BAE57BF9-4AFD-4194-94C3-81DA26645342}.Release|Any CPU.Build.0 = Release|Any CPU
	EndGlobalSection
	GlobalSection(SolutionProperties) = preSolution
		HideSolutionNode = FALSE
	EndGlobalSection
	GlobalSection(NestedProjects) = preSolution
		{7EF3D98A-9DD3-418D-9600-5EC85FE21A96} = {4AF861AE-7265-449D-A420-E8FCFC73FE82}
		{BAE57BF9-4AFD-4194-94C3-81DA26645342} = {F638DB87-A7C9-444B-A938-CF17B15EE6E3}
	EndGlobalSection
	GlobalSection(ExtensibilityGlobals) = postSolution
		SolutionGuid = {360BA1E9-BA7F-414D-9D24-B637EA9C0CB2}
	EndGlobalSection
EndGlobal
