
Microsoft Visual Studio Solution File, Format Version 12.00
# Visual Studio 15
VisualStudioVersion = 15.0.27130.2024
MinimumVisualStudioVersion = 10.0.40219.1
Project("{FAE04EC0-301F-11D3-BF4B-00C04F79EFBC}") = "MetadataNavigation.Uml", "MetadataNavigation.Uml\MetadataNavigation.Uml.csproj", "{C456E9D1-EFE6-4B41-A991-BBE43D068F0C}"
EndProject
Project("{2150E333-8FDC-42A3-9474-1A3956D46DE8}") = "Solution Items", "Solution Items", "{02524DFA-F931-4607-A1D5-16A8388831CB}"
	ProjectSection(SolutionItems) = preProject
		Issues.txt = Issues.txt
		Readme.md = Readme.md
		ToDo.txt = ToDo.txt
	EndProjectSection
EndProject
Project("{FAE04EC0-301F-11D3-BF4B-00C04F79EFBC}") = "Templates.NoT4Template", "Templates.NoT4\Templates.NoT4Template.csproj", "{A8EB30E7-CD0D-4979-98A9-70165C07C688}"
EndProject
Project("{FAE04EC0-301F-11D3-BF4B-00C04F79EFBC}") = "MetadataNavigation.ProjectsAndApplications", "MetadataNavigation.ProjectsAndApplications\MetadataNavigation.ProjectsAndApplications.csproj", "{7AE26BCF-D699-41B5-B29F-EB78FDB4D5F5}"
EndProject
Project("{FAE04EC0-301F-11D3-BF4B-00C04F79EFBC}") = "Templates.BasicT4Template", "Templates.BasicT4Template\Templates.BasicT4Template.csproj", "{A775EAFE-343B-488B-91DB-C9BC475E815F}"
EndProject
Project("{FAE04EC0-301F-11D3-BF4B-00C04F79EFBC}") = "Templates.Registrations", "Templates.Registrations\Templates.Registrations.csproj", "{80CCC0CB-97F0-4804-8945-F703792319DC}"
EndProject
Project("{FAE04EC0-301F-11D3-BF4B-00C04F79EFBC}") = "Templates.Config", "Templates.Config\Templates.Config.csproj", "{47877264-C4CB-4CF9-B8FA-9EF398942F5A}"
EndProject
Project("{FAE04EC0-301F-11D3-BF4B-00C04F79EFBC}") = "Templates.CommonTypes", "Templates.CommonTypes\Templates.CommonTypes.csproj", "{3F2F8554-0758-48BC-B4E0-587C211FBD39}"
EndProject
Global
	GlobalSection(SolutionConfigurationPlatforms) = preSolution
		Debug|Any CPU = Debug|Any CPU
		Release|Any CPU = Release|Any CPU
	EndGlobalSection
	GlobalSection(ProjectConfigurationPlatforms) = postSolution
		{C456E9D1-EFE6-4B41-A991-BBE43D068F0C}.Debug|Any CPU.ActiveCfg = Debug|Any CPU
		{C456E9D1-EFE6-4B41-A991-BBE43D068F0C}.Debug|Any CPU.Build.0 = Debug|Any CPU
		{C456E9D1-EFE6-4B41-A991-BBE43D068F0C}.Release|Any CPU.ActiveCfg = Release|Any CPU
		{C456E9D1-EFE6-4B41-A991-BBE43D068F0C}.Release|Any CPU.Build.0 = Release|Any CPU
		{A8EB30E7-CD0D-4979-98A9-70165C07C688}.Debug|Any CPU.ActiveCfg = Debug|Any CPU
		{A8EB30E7-CD0D-4979-98A9-70165C07C688}.Debug|Any CPU.Build.0 = Debug|Any CPU
		{A8EB30E7-CD0D-4979-98A9-70165C07C688}.Release|Any CPU.ActiveCfg = Release|Any CPU
		{A8EB30E7-CD0D-4979-98A9-70165C07C688}.Release|Any CPU.Build.0 = Release|Any CPU
		{7AE26BCF-D699-41B5-B29F-EB78FDB4D5F5}.Debug|Any CPU.ActiveCfg = Debug|Any CPU
		{7AE26BCF-D699-41B5-B29F-EB78FDB4D5F5}.Debug|Any CPU.Build.0 = Debug|Any CPU
		{7AE26BCF-D699-41B5-B29F-EB78FDB4D5F5}.Release|Any CPU.ActiveCfg = Release|Any CPU
		{7AE26BCF-D699-41B5-B29F-EB78FDB4D5F5}.Release|Any CPU.Build.0 = Release|Any CPU
		{A775EAFE-343B-488B-91DB-C9BC475E815F}.Debug|Any CPU.ActiveCfg = Debug|Any CPU
		{A775EAFE-343B-488B-91DB-C9BC475E815F}.Debug|Any CPU.Build.0 = Debug|Any CPU
		{A775EAFE-343B-488B-91DB-C9BC475E815F}.Release|Any CPU.ActiveCfg = Release|Any CPU
		{A775EAFE-343B-488B-91DB-C9BC475E815F}.Release|Any CPU.Build.0 = Release|Any CPU
		{80CCC0CB-97F0-4804-8945-F703792319DC}.Debug|Any CPU.ActiveCfg = Debug|Any CPU
		{80CCC0CB-97F0-4804-8945-F703792319DC}.Debug|Any CPU.Build.0 = Debug|Any CPU
		{80CCC0CB-97F0-4804-8945-F703792319DC}.Release|Any CPU.ActiveCfg = Release|Any CPU
		{80CCC0CB-97F0-4804-8945-F703792319DC}.Release|Any CPU.Build.0 = Release|Any CPU
		{47877264-C4CB-4CF9-B8FA-9EF398942F5A}.Debug|Any CPU.ActiveCfg = Debug|Any CPU
		{47877264-C4CB-4CF9-B8FA-9EF398942F5A}.Debug|Any CPU.Build.0 = Debug|Any CPU
		{47877264-C4CB-4CF9-B8FA-9EF398942F5A}.Release|Any CPU.ActiveCfg = Release|Any CPU
		{47877264-C4CB-4CF9-B8FA-9EF398942F5A}.Release|Any CPU.Build.0 = Release|Any CPU
		{3F2F8554-0758-48BC-B4E0-587C211FBD39}.Debug|Any CPU.ActiveCfg = Debug|Any CPU
		{3F2F8554-0758-48BC-B4E0-587C211FBD39}.Debug|Any CPU.Build.0 = Debug|Any CPU
		{3F2F8554-0758-48BC-B4E0-587C211FBD39}.Release|Any CPU.ActiveCfg = Release|Any CPU
		{3F2F8554-0758-48BC-B4E0-587C211FBD39}.Release|Any CPU.Build.0 = Release|Any CPU
	EndGlobalSection
	GlobalSection(SolutionProperties) = preSolution
		HideSolutionNode = FALSE
	EndGlobalSection
	GlobalSection(ExtensibilityGlobals) = postSolution
		SolutionGuid = {2113C8C5-017B-46F9-99E3-3D79B37B3663}
	EndGlobalSection
EndGlobal
